// !$*UTF8*$!
{
	archiveVersion = 1;
	classes = {
	};
	objectVersion = 55;
	objects = {

/* Begin PBXBuildFile section */
		7C7F410878748622D56CA2C7 /* Pods_RisingTest_RisingTestUITests.framework in Frameworks */ = {isa = PBXBuildFile; fileRef = B69EA40B5F22C63CB31B8875 /* Pods_RisingTest_RisingTestUITests.framework */; };
		B904904C27F37E48000B514C /* ItemInfoViewController.swift in Sources */ = {isa = PBXBuildFile; fileRef = B904904B27F37E48000B514C /* ItemInfoViewController.swift */; };
		B904904E27F37E56000B514C /* ReviewViewController.swift in Sources */ = {isa = PBXBuildFile; fileRef = B904904D27F37E56000B514C /* ReviewViewController.swift */; };
		B904905027F37E63000B514C /* AskViewController.swift in Sources */ = {isa = PBXBuildFile; fileRef = B904904F27F37E63000B514C /* AskViewController.swift */; };
		B904905227F38054000B514C /* ItemIntroViewController.swift in Sources */ = {isa = PBXBuildFile; fileRef = B904905127F38054000B514C /* ItemIntroViewController.swift */; };
		B905D14D27F1A45B00164006 /* RandomRequest.swift in Sources */ = {isa = PBXBuildFile; fileRef = B905D14C27F1A45B00164006 /* RandomRequest.swift */; };
		B905D14F27F1A46B00164006 /* RandomResponse.swift in Sources */ = {isa = PBXBuildFile; fileRef = B905D14E27F1A46B00164006 /* RandomResponse.swift */; };
		B905D15527F1A4AC00164006 /* SaleRequest.swift in Sources */ = {isa = PBXBuildFile; fileRef = B905D15427F1A4AC00164006 /* SaleRequest.swift */; };
		B905D15727F1A4B500164006 /* SaleResponse.swift in Sources */ = {isa = PBXBuildFile; fileRef = B905D15627F1A4B500164006 /* SaleResponse.swift */; };
		B905D15927F1A4CA00164006 /* MDRequest.swift in Sources */ = {isa = PBXBuildFile; fileRef = B905D15827F1A4CA00164006 /* MDRequest.swift */; };
		B905D15B27F1A4D100164006 /* MDResponse.swift in Sources */ = {isa = PBXBuildFile; fileRef = B905D15A27F1A4D100164006 /* MDResponse.swift */; };
		B905D15F27F1A50B00164006 /* DetailRequest.swift in Sources */ = {isa = PBXBuildFile; fileRef = B905D15E27F1A50B00164006 /* DetailRequest.swift */; };
		B905D16127F1A51400164006 /* DetailResponse.swift in Sources */ = {isa = PBXBuildFile; fileRef = B905D16027F1A51400164006 /* DetailResponse.swift */; };
		B905D16327F1C15300164006 /* RandomCollectionViewCell.swift in Sources */ = {isa = PBXBuildFile; fileRef = B905D16227F1C15300164006 /* RandomCollectionViewCell.swift */; };
		B905D16527F1D9C100164006 /* SaleCollectionViewCell.swift in Sources */ = {isa = PBXBuildFile; fileRef = B905D16427F1D9C100164006 /* SaleCollectionViewCell.swift */; };
		B909DC5E27F03C7A00306CB1 /* SearchViewController.swift in Sources */ = {isa = PBXBuildFile; fileRef = B909DC5D27F03C7A00306CB1 /* SearchViewController.swift */; };
		B909DC6027F03C8A00306CB1 /* CategoryViewController.swift in Sources */ = {isa = PBXBuildFile; fileRef = B909DC5F27F03C8A00306CB1 /* CategoryViewController.swift */; };
		B909DC6427F0418500306CB1 /* CheckViewController.swift in Sources */ = {isa = PBXBuildFile; fileRef = B909DC6327F0418500306CB1 /* CheckViewController.swift */; };
		B909DC6627F0419400306CB1 /* ModifyViewController.swift in Sources */ = {isa = PBXBuildFile; fileRef = B909DC6527F0419400306CB1 /* ModifyViewController.swift */; };
		B909DC6827F041A700306CB1 /* ModifyDataManager.swift in Sources */ = {isa = PBXBuildFile; fileRef = B909DC6727F041A700306CB1 /* ModifyDataManager.swift */; };
		B909DC6A27F041BC00306CB1 /* ModifyRequest.swift in Sources */ = {isa = PBXBuildFile; fileRef = B909DC6927F041BC00306CB1 /* ModifyRequest.swift */; };
		B909DC6C27F041C600306CB1 /* ModifyResponse.swift in Sources */ = {isa = PBXBuildFile; fileRef = B909DC6B27F041C600306CB1 /* ModifyResponse.swift */; };
		B913CF5427F23A4A005E77DF /* MyPageViewController2.swift in Sources */ = {isa = PBXBuildFile; fileRef = B913CF5327F23A4A005E77DF /* MyPageViewController2.swift */; };
		B913CF5627F2432C005E77DF /* MyPageNavigationControllerViewController.swift in Sources */ = {isa = PBXBuildFile; fileRef = B913CF5527F2432C005E77DF /* MyPageNavigationControllerViewController.swift */; };
		B943507527E5E66F0079BE3D /* AppDelegate.swift in Sources */ = {isa = PBXBuildFile; fileRef = B943507427E5E66F0079BE3D /* AppDelegate.swift */; };
		B943507727E5E66F0079BE3D /* SceneDelegate.swift in Sources */ = {isa = PBXBuildFile; fileRef = B943507627E5E66F0079BE3D /* SceneDelegate.swift */; };
		B943507927E5E66F0079BE3D /* ViewController.swift in Sources */ = {isa = PBXBuildFile; fileRef = B943507827E5E66F0079BE3D /* ViewController.swift */; };
		B943507C27E5E66F0079BE3D /* Main.storyboard in Resources */ = {isa = PBXBuildFile; fileRef = B943507A27E5E66F0079BE3D /* Main.storyboard */; };
		B943507E27E5E6700079BE3D /* Assets.xcassets in Resources */ = {isa = PBXBuildFile; fileRef = B943507D27E5E6700079BE3D /* Assets.xcassets */; };
		B943508127E5E6700079BE3D /* LaunchScreen.storyboard in Resources */ = {isa = PBXBuildFile; fileRef = B943507F27E5E6700079BE3D /* LaunchScreen.storyboard */; };
		B943508C27E5E6700079BE3D /* RisingTestTests.swift in Sources */ = {isa = PBXBuildFile; fileRef = B943508B27E5E6700079BE3D /* RisingTestTests.swift */; };
		B943509627E5E6700079BE3D /* RisingTestUITests.swift in Sources */ = {isa = PBXBuildFile; fileRef = B943509527E5E6700079BE3D /* RisingTestUITests.swift */; };
		B943509827E5E6700079BE3D /* RisingTestUITestsLaunchTests.swift in Sources */ = {isa = PBXBuildFile; fileRef = B943509727E5E6700079BE3D /* RisingTestUITestsLaunchTests.swift */; };
		B94350A527E5F1CF0079BE3D /* MenuCell.swift in Sources */ = {isa = PBXBuildFile; fileRef = B94350A427E5F1CF0079BE3D /* MenuCell.swift */; };
		B94350A727E5F1FF0079BE3D /* MenuCell.xib in Resources */ = {isa = PBXBuildFile; fileRef = B94350A627E5F1FF0079BE3D /* MenuCell.xib */; };
		B94350A927E5F3590079BE3D /* FocusView.xib in Resources */ = {isa = PBXBuildFile; fileRef = B94350A827E5F3590079BE3D /* FocusView.xib */; };
		B94A850527F3627800B53ABA /* CartCollectionViewCell.swift in Sources */ = {isa = PBXBuildFile; fileRef = B94A850427F3627800B53ABA /* CartCollectionViewCell.swift */; };
		B94A850727F36AD100B53ABA /* CartViewController.swift in Sources */ = {isa = PBXBuildFile; fileRef = B94A850627F36AD100B53ABA /* CartViewController.swift */; };
		B94A850927F372FF00B53ABA /* DetailViewController.swift in Sources */ = {isa = PBXBuildFile; fileRef = B94A850827F372FF00B53ABA /* DetailViewController.swift */; };
		B94A850F27F374C100B53ABA /* DetaileMenuCell.swift in Sources */ = {isa = PBXBuildFile; fileRef = B94A850E27F374C100B53ABA /* DetaileMenuCell.swift */; };
		B94A851127F374D400B53ABA /* DetailMenuCell.xib in Resources */ = {isa = PBXBuildFile; fileRef = B94A851027F374D400B53ABA /* DetailMenuCell.xib */; };
		B94A851327F3755600B53ABA /* DetailFocusView.xib in Resources */ = {isa = PBXBuildFile; fileRef = B94A851227F3755600B53ABA /* DetailFocusView.xib */; };
		B96E70F927EF40F400E0EA8F /* LoginDataManager.swift in Sources */ = {isa = PBXBuildFile; fileRef = B96E70F827EF40F400E0EA8F /* LoginDataManager.swift */; };
		B96E70FD27EF524F00E0EA8F /* UserResponse.swift in Sources */ = {isa = PBXBuildFile; fileRef = B96E70FC27EF524F00E0EA8F /* UserResponse.swift */; };
		B96E710127EF53C800E0EA8F /* UserInfoDataManager.swift in Sources */ = {isa = PBXBuildFile; fileRef = B96E710027EF53C800E0EA8F /* UserInfoDataManager.swift */; };
		B97AB79627F1819000CF72E1 /* RecommendViewController.swift in Sources */ = {isa = PBXBuildFile; fileRef = B97AB79527F1819000CF72E1 /* RecommendViewController.swift */; };
		B97AB79827F1819B00CF72E1 /* NewViewController.swift in Sources */ = {isa = PBXBuildFile; fileRef = B97AB79727F1819B00CF72E1 /* NewViewController.swift */; };
		B97AB79A27F181A400CF72E1 /* BestViewController.swift in Sources */ = {isa = PBXBuildFile; fileRef = B97AB79927F181A400CF72E1 /* BestViewController.swift */; };
		B99F814027ED7C08002EC5E5 /* SignUpResponse.swift in Sources */ = {isa = PBXBuildFile; fileRef = B99F813F27ED7C08002EC5E5 /* SignUpResponse.swift */; };
		B99F814227ED7C17002EC5E5 /* SignUpRequest.swift in Sources */ = {isa = PBXBuildFile; fileRef = B99F814127ED7C17002EC5E5 /* SignUpRequest.swift */; };
		B99F814527ED93B4002EC5E5 /* LogInRequest.swift in Sources */ = {isa = PBXBuildFile; fileRef = B99F814427ED93B4002EC5E5 /* LogInRequest.swift */; };
		B99F814727ED93C1002EC5E5 /* LogInResponse.swift in Sources */ = {isa = PBXBuildFile; fileRef = B99F814627ED93C1002EC5E5 /* LogInResponse.swift */; };
		B99F814C27ED9B1F002EC5E5 /* String.swift in Sources */ = {isa = PBXBuildFile; fileRef = B99F814B27ED9B1F002EC5E5 /* String.swift */; };
		B99F814E27ED9B88002EC5E5 /* UIViewController.swift in Sources */ = {isa = PBXBuildFile; fileRef = B99F814D27ED9B88002EC5E5 /* UIViewController.swift */; };
		B99F815027ED9EB6002EC5E5 /* IndicatorView.swift in Sources */ = {isa = PBXBuildFile; fileRef = B99F814F27ED9EB6002EC5E5 /* IndicatorView.swift */; };
		B99F815227ED9EF3002EC5E5 /* UIColor.swift in Sources */ = {isa = PBXBuildFile; fileRef = B99F815127ED9EF3002EC5E5 /* UIColor.swift */; };
		B99F815427EDA2BA002EC5E5 /* SignUpDataManager.swift in Sources */ = {isa = PBXBuildFile; fileRef = B99F815327EDA2BA002EC5E5 /* SignUpDataManager.swift */; };
		B99F815727EDA3B1002EC5E5 /* Alamofire in Frameworks */ = {isa = PBXBuildFile; productRef = B99F815627EDA3B1002EC5E5 /* Alamofire */; };
		B9B0785A27F5BC43003E130D /* DeleteCartRequest.swift in Sources */ = {isa = PBXBuildFile; fileRef = B9B0785927F5BC43003E130D /* DeleteCartRequest.swift */; };
		B9B0785C27F5BC4B003E130D /* DeleteCartResponse.swift in Sources */ = {isa = PBXBuildFile; fileRef = B9B0785B27F5BC4B003E130D /* DeleteCartResponse.swift */; };
		B9CE018727E88A9A00D9671A /* LoginViewController.swift in Sources */ = {isa = PBXBuildFile; fileRef = B9CE018627E88A9A00D9671A /* LoginViewController.swift */; };
		B9CE018927E88AA300D9671A /* SignUpViewController.swift in Sources */ = {isa = PBXBuildFile; fileRef = B9CE018827E88AA300D9671A /* SignUpViewController.swift */; };
		B9CE018B27E88AB100D9671A /* MyPageViewController.swift in Sources */ = {isa = PBXBuildFile; fileRef = B9CE018A27E88AB100D9671A /* MyPageViewController.swift */; };
		B9FBD24327F46C6100A4A895 /* ItemInfoCollectionViewCell.swift in Sources */ = {isa = PBXBuildFile; fileRef = B9FBD24227F46C6100A4A895 /* ItemInfoCollectionViewCell.swift */; };
		B9FBD24527F46EB200A4A895 /* UIImageView.swift in Sources */ = {isa = PBXBuildFile; fileRef = B9FBD24427F46EB200A4A895 /* UIImageView.swift */; };
		B9FBD24E27F486F300A4A895 /* AddCartViewController.swift in Sources */ = {isa = PBXBuildFile; fileRef = B9FBD24D27F486F300A4A895 /* AddCartViewController.swift */; };
		B9FBD25027F4881800A4A895 /* AddCartCollectionViewCell.swift in Sources */ = {isa = PBXBuildFile; fileRef = B9FBD24F27F4881800A4A895 /* AddCartCollectionViewCell.swift */; };
		B9FBD25227F488CD00A4A895 /* AddCartRequest.swift in Sources */ = {isa = PBXBuildFile; fileRef = B9FBD25127F488CD00A4A895 /* AddCartRequest.swift */; };
		B9FBD25427F488D600A4A895 /* AddCartResponse.swift in Sources */ = {isa = PBXBuildFile; fileRef = B9FBD25327F488D600A4A895 /* AddCartResponse.swift */; };
		B9FBD25827F48BFD00A4A895 /* GetCartRequest.swift in Sources */ = {isa = PBXBuildFile; fileRef = B9FBD25727F48BFD00A4A895 /* GetCartRequest.swift */; };
		B9FBD25A27F48C1000A4A895 /* GetCartResponse.swift in Sources */ = {isa = PBXBuildFile; fileRef = B9FBD25927F48C1000A4A895 /* GetCartResponse.swift */; };
		B9FBD25C27F4C3FB00A4A895 /* AddCartDataManager.swift in Sources */ = {isa = PBXBuildFile; fileRef = B9FBD25B27F4C3FB00A4A895 /* AddCartDataManager.swift */; };
		B9FBD26027F4E4A000A4A895 /* SearchRequest.swift in Sources */ = {isa = PBXBuildFile; fileRef = B9FBD25F27F4E4A000A4A895 /* SearchRequest.swift */; };
		B9FBD26227F4E4DE00A4A895 /* SearchResponse.swift in Sources */ = {isa = PBXBuildFile; fileRef = B9FBD26127F4E4DE00A4A895 /* SearchResponse.swift */; };
		B9FBD26427F4F51200A4A895 /* SearchCollectionViewCell.swift in Sources */ = {isa = PBXBuildFile; fileRef = B9FBD26327F4F51200A4A895 /* SearchCollectionViewCell.swift */; };
		B9FBD26827F4F5C600A4A895 /* GetReviewRequest.swift in Sources */ = {isa = PBXBuildFile; fileRef = B9FBD26727F4F5C600A4A895 /* GetReviewRequest.swift */; };
		B9FBD26A27F4F5D000A4A895 /* GetReviewResponse.swift in Sources */ = {isa = PBXBuildFile; fileRef = B9FBD26927F4F5D000A4A895 /* GetReviewResponse.swift */; };
		B9FBD26C27F4F8C000A4A895 /* ReviewCollectionViewCell.swift in Sources */ = {isa = PBXBuildFile; fileRef = B9FBD26B27F4F8C000A4A895 /* ReviewCollectionViewCell.swift */; };
		B9FBD26E27F50F3B00A4A895 /* ReviewDetailViewController.swift in Sources */ = {isa = PBXBuildFile; fileRef = B9FBD26D27F50F3B00A4A895 /* ReviewDetailViewController.swift */; };
		B9FBD27227F5185C00A4A895 /* DeleteUserRequest.swift in Sources */ = {isa = PBXBuildFile; fileRef = B9FBD27127F5185C00A4A895 /* DeleteUserRequest.swift */; };
		B9FBD27427F5186400A4A895 /* DeleteUserResponse.swift in Sources */ = {isa = PBXBuildFile; fileRef = B9FBD27327F5186400A4A895 /* DeleteUserResponse.swift */; };
		B9FBD27627F5186E00A4A895 /* DeleteUserViewController.swift in Sources */ = {isa = PBXBuildFile; fileRef = B9FBD27527F5186E00A4A895 /* DeleteUserViewController.swift */; };
		D5F9F4C9937B75E6E3E00170 /* Pods_RisingTest.framework in Frameworks */ = {isa = PBXBuildFile; fileRef = EC40CB844C26CE59EDF5500C /* Pods_RisingTest.framework */; };
		DFF21846EC52881004F8F650 /* Pods_RisingTestTests.framework in Frameworks */ = {isa = PBXBuildFile; fileRef = F7FD459FB72E9ABACB27413D /* Pods_RisingTestTests.framework */; };
/* End PBXBuildFile section */

/* Begin PBXContainerItemProxy section */
		B943508827E5E6700079BE3D /* PBXContainerItemProxy */ = {
			isa = PBXContainerItemProxy;
			containerPortal = B943506927E5E66F0079BE3D /* Project object */;
			proxyType = 1;
			remoteGlobalIDString = B943507027E5E66F0079BE3D;
			remoteInfo = RisingTest;
		};
		B943509227E5E6700079BE3D /* PBXContainerItemProxy */ = {
			isa = PBXContainerItemProxy;
			containerPortal = B943506927E5E66F0079BE3D /* Project object */;
			proxyType = 1;
			remoteGlobalIDString = B943507027E5E66F0079BE3D;
			remoteInfo = RisingTest;
		};
/* End PBXContainerItemProxy section */

/* Begin PBXFileReference section */
		5B35DEE7620A0CE49A38324F /* Pods-RisingTest.debug.xcconfig */ = {isa = PBXFileReference; includeInIndex = 1; lastKnownFileType = text.xcconfig; name = "Pods-RisingTest.debug.xcconfig"; path = "Target Support Files/Pods-RisingTest/Pods-RisingTest.debug.xcconfig"; sourceTree = "<group>"; };
		63DD58FEA3BEE80DE6B8F282 /* Pods-RisingTest.release.xcconfig */ = {isa = PBXFileReference; includeInIndex = 1; lastKnownFileType = text.xcconfig; name = "Pods-RisingTest.release.xcconfig"; path = "Target Support Files/Pods-RisingTest/Pods-RisingTest.release.xcconfig"; sourceTree = "<group>"; };
		6BF391380A1B5CD6C5337108 /* Pods-RisingTestTests.debug.xcconfig */ = {isa = PBXFileReference; includeInIndex = 1; lastKnownFileType = text.xcconfig; name = "Pods-RisingTestTests.debug.xcconfig"; path = "Target Support Files/Pods-RisingTestTests/Pods-RisingTestTests.debug.xcconfig"; sourceTree = "<group>"; };
		6D347E67BCC290F7D245CE31 /* Pods-RisingTestTests.release.xcconfig */ = {isa = PBXFileReference; includeInIndex = 1; lastKnownFileType = text.xcconfig; name = "Pods-RisingTestTests.release.xcconfig"; path = "Target Support Files/Pods-RisingTestTests/Pods-RisingTestTests.release.xcconfig"; sourceTree = "<group>"; };
		B69EA40B5F22C63CB31B8875 /* Pods_RisingTest_RisingTestUITests.framework */ = {isa = PBXFileReference; explicitFileType = wrapper.framework; includeInIndex = 0; path = Pods_RisingTest_RisingTestUITests.framework; sourceTree = BUILT_PRODUCTS_DIR; };
		B904904B27F37E48000B514C /* ItemInfoViewController.swift */ = {isa = PBXFileReference; lastKnownFileType = sourcecode.swift; path = ItemInfoViewController.swift; sourceTree = "<group>"; };
		B904904D27F37E56000B514C /* ReviewViewController.swift */ = {isa = PBXFileReference; lastKnownFileType = sourcecode.swift; path = ReviewViewController.swift; sourceTree = "<group>"; };
		B904904F27F37E63000B514C /* AskViewController.swift */ = {isa = PBXFileReference; lastKnownFileType = sourcecode.swift; path = AskViewController.swift; sourceTree = "<group>"; };
		B904905127F38054000B514C /* ItemIntroViewController.swift */ = {isa = PBXFileReference; lastKnownFileType = sourcecode.swift; path = ItemIntroViewController.swift; sourceTree = "<group>"; };
		B905D14C27F1A45B00164006 /* RandomRequest.swift */ = {isa = PBXFileReference; lastKnownFileType = sourcecode.swift; path = RandomRequest.swift; sourceTree = "<group>"; };
		B905D14E27F1A46B00164006 /* RandomResponse.swift */ = {isa = PBXFileReference; lastKnownFileType = sourcecode.swift; path = RandomResponse.swift; sourceTree = "<group>"; };
		B905D15427F1A4AC00164006 /* SaleRequest.swift */ = {isa = PBXFileReference; lastKnownFileType = sourcecode.swift; path = SaleRequest.swift; sourceTree = "<group>"; };
		B905D15627F1A4B500164006 /* SaleResponse.swift */ = {isa = PBXFileReference; lastKnownFileType = sourcecode.swift; path = SaleResponse.swift; sourceTree = "<group>"; };
		B905D15827F1A4CA00164006 /* MDRequest.swift */ = {isa = PBXFileReference; lastKnownFileType = sourcecode.swift; path = MDRequest.swift; sourceTree = "<group>"; };
		B905D15A27F1A4D100164006 /* MDResponse.swift */ = {isa = PBXFileReference; lastKnownFileType = sourcecode.swift; path = MDResponse.swift; sourceTree = "<group>"; };
		B905D15E27F1A50B00164006 /* DetailRequest.swift */ = {isa = PBXFileReference; lastKnownFileType = sourcecode.swift; path = DetailRequest.swift; sourceTree = "<group>"; };
		B905D16027F1A51400164006 /* DetailResponse.swift */ = {isa = PBXFileReference; lastKnownFileType = sourcecode.swift; path = DetailResponse.swift; sourceTree = "<group>"; };
		B905D16227F1C15300164006 /* RandomCollectionViewCell.swift */ = {isa = PBXFileReference; lastKnownFileType = sourcecode.swift; path = RandomCollectionViewCell.swift; sourceTree = "<group>"; };
		B905D16427F1D9C100164006 /* SaleCollectionViewCell.swift */ = {isa = PBXFileReference; lastKnownFileType = sourcecode.swift; path = SaleCollectionViewCell.swift; sourceTree = "<group>"; };
		B909DC5D27F03C7A00306CB1 /* SearchViewController.swift */ = {isa = PBXFileReference; lastKnownFileType = sourcecode.swift; path = SearchViewController.swift; sourceTree = "<group>"; };
		B909DC5F27F03C8A00306CB1 /* CategoryViewController.swift */ = {isa = PBXFileReference; lastKnownFileType = sourcecode.swift; path = CategoryViewController.swift; sourceTree = "<group>"; };
		B909DC6327F0418500306CB1 /* CheckViewController.swift */ = {isa = PBXFileReference; lastKnownFileType = sourcecode.swift; path = CheckViewController.swift; sourceTree = "<group>"; };
		B909DC6527F0419400306CB1 /* ModifyViewController.swift */ = {isa = PBXFileReference; lastKnownFileType = sourcecode.swift; path = ModifyViewController.swift; sourceTree = "<group>"; };
		B909DC6727F041A700306CB1 /* ModifyDataManager.swift */ = {isa = PBXFileReference; lastKnownFileType = sourcecode.swift; path = ModifyDataManager.swift; sourceTree = "<group>"; };
		B909DC6927F041BC00306CB1 /* ModifyRequest.swift */ = {isa = PBXFileReference; lastKnownFileType = sourcecode.swift; path = ModifyRequest.swift; sourceTree = "<group>"; };
		B909DC6B27F041C600306CB1 /* ModifyResponse.swift */ = {isa = PBXFileReference; lastKnownFileType = sourcecode.swift; path = ModifyResponse.swift; sourceTree = "<group>"; };
		B913CF5327F23A4A005E77DF /* MyPageViewController2.swift */ = {isa = PBXFileReference; lastKnownFileType = sourcecode.swift; path = MyPageViewController2.swift; sourceTree = "<group>"; };
		B913CF5527F2432C005E77DF /* MyPageNavigationControllerViewController.swift */ = {isa = PBXFileReference; lastKnownFileType = sourcecode.swift; path = MyPageNavigationControllerViewController.swift; sourceTree = "<group>"; };
		B943507127E5E66F0079BE3D /* RisingTest.app */ = {isa = PBXFileReference; explicitFileType = wrapper.application; includeInIndex = 0; path = RisingTest.app; sourceTree = BUILT_PRODUCTS_DIR; };
		B943507427E5E66F0079BE3D /* AppDelegate.swift */ = {isa = PBXFileReference; lastKnownFileType = sourcecode.swift; path = AppDelegate.swift; sourceTree = "<group>"; };
		B943507627E5E66F0079BE3D /* SceneDelegate.swift */ = {isa = PBXFileReference; lastKnownFileType = sourcecode.swift; path = SceneDelegate.swift; sourceTree = "<group>"; };
		B943507827E5E66F0079BE3D /* ViewController.swift */ = {isa = PBXFileReference; lastKnownFileType = sourcecode.swift; path = ViewController.swift; sourceTree = "<group>"; };
		B943507B27E5E66F0079BE3D /* Base */ = {isa = PBXFileReference; lastKnownFileType = file.storyboard; name = Base; path = Base.lproj/Main.storyboard; sourceTree = "<group>"; };
		B943507D27E5E6700079BE3D /* Assets.xcassets */ = {isa = PBXFileReference; lastKnownFileType = folder.assetcatalog; path = Assets.xcassets; sourceTree = "<group>"; };
		B943508027E5E6700079BE3D /* Base */ = {isa = PBXFileReference; lastKnownFileType = file.storyboard; name = Base; path = Base.lproj/LaunchScreen.storyboard; sourceTree = "<group>"; };
		B943508227E5E6700079BE3D /* Info.plist */ = {isa = PBXFileReference; lastKnownFileType = text.plist.xml; path = Info.plist; sourceTree = "<group>"; };
		B943508727E5E6700079BE3D /* RisingTestTests.xctest */ = {isa = PBXFileReference; explicitFileType = wrapper.cfbundle; includeInIndex = 0; path = RisingTestTests.xctest; sourceTree = BUILT_PRODUCTS_DIR; };
		B943508B27E5E6700079BE3D /* RisingTestTests.swift */ = {isa = PBXFileReference; lastKnownFileType = sourcecode.swift; path = RisingTestTests.swift; sourceTree = "<group>"; };
		B943509127E5E6700079BE3D /* RisingTestUITests.xctest */ = {isa = PBXFileReference; explicitFileType = wrapper.cfbundle; includeInIndex = 0; path = RisingTestUITests.xctest; sourceTree = BUILT_PRODUCTS_DIR; };
		B943509527E5E6700079BE3D /* RisingTestUITests.swift */ = {isa = PBXFileReference; lastKnownFileType = sourcecode.swift; path = RisingTestUITests.swift; sourceTree = "<group>"; };
		B943509727E5E6700079BE3D /* RisingTestUITestsLaunchTests.swift */ = {isa = PBXFileReference; lastKnownFileType = sourcecode.swift; path = RisingTestUITestsLaunchTests.swift; sourceTree = "<group>"; };
		B94350A427E5F1CF0079BE3D /* MenuCell.swift */ = {isa = PBXFileReference; lastKnownFileType = sourcecode.swift; path = MenuCell.swift; sourceTree = "<group>"; };
		B94350A627E5F1FF0079BE3D /* MenuCell.xib */ = {isa = PBXFileReference; lastKnownFileType = file.xib; path = MenuCell.xib; sourceTree = "<group>"; };
		B94350A827E5F3590079BE3D /* FocusView.xib */ = {isa = PBXFileReference; lastKnownFileType = file.xib; path = FocusView.xib; sourceTree = "<group>"; };
		B94A850427F3627800B53ABA /* CartCollectionViewCell.swift */ = {isa = PBXFileReference; lastKnownFileType = sourcecode.swift; path = CartCollectionViewCell.swift; sourceTree = "<group>"; };
		B94A850627F36AD100B53ABA /* CartViewController.swift */ = {isa = PBXFileReference; lastKnownFileType = sourcecode.swift; path = CartViewController.swift; sourceTree = "<group>"; };
		B94A850827F372FF00B53ABA /* DetailViewController.swift */ = {isa = PBXFileReference; lastKnownFileType = sourcecode.swift; path = DetailViewController.swift; sourceTree = "<group>"; };
		B94A850E27F374C100B53ABA /* DetaileMenuCell.swift */ = {isa = PBXFileReference; lastKnownFileType = sourcecode.swift; path = DetaileMenuCell.swift; sourceTree = "<group>"; };
		B94A851027F374D400B53ABA /* DetailMenuCell.xib */ = {isa = PBXFileReference; lastKnownFileType = file.xib; path = DetailMenuCell.xib; sourceTree = "<group>"; };
		B94A851227F3755600B53ABA /* DetailFocusView.xib */ = {isa = PBXFileReference; lastKnownFileType = file.xib; path = DetailFocusView.xib; sourceTree = "<group>"; };
		B96E70F827EF40F400E0EA8F /* LoginDataManager.swift */ = {isa = PBXFileReference; lastKnownFileType = sourcecode.swift; path = LoginDataManager.swift; sourceTree = "<group>"; };
		B96E70FC27EF524F00E0EA8F /* UserResponse.swift */ = {isa = PBXFileReference; lastKnownFileType = sourcecode.swift; path = UserResponse.swift; sourceTree = "<group>"; };
		B96E710027EF53C800E0EA8F /* UserInfoDataManager.swift */ = {isa = PBXFileReference; lastKnownFileType = sourcecode.swift; path = UserInfoDataManager.swift; sourceTree = "<group>"; };
		B97AB79527F1819000CF72E1 /* RecommendViewController.swift */ = {isa = PBXFileReference; lastKnownFileType = sourcecode.swift; path = RecommendViewController.swift; sourceTree = "<group>"; };
		B97AB79727F1819B00CF72E1 /* NewViewController.swift */ = {isa = PBXFileReference; lastKnownFileType = sourcecode.swift; path = NewViewController.swift; sourceTree = "<group>"; };
		B97AB79927F181A400CF72E1 /* BestViewController.swift */ = {isa = PBXFileReference; lastKnownFileType = sourcecode.swift; path = BestViewController.swift; sourceTree = "<group>"; };
		B99F813F27ED7C08002EC5E5 /* SignUpResponse.swift */ = {isa = PBXFileReference; lastKnownFileType = sourcecode.swift; path = SignUpResponse.swift; sourceTree = "<group>"; };
		B99F814127ED7C17002EC5E5 /* SignUpRequest.swift */ = {isa = PBXFileReference; lastKnownFileType = sourcecode.swift; path = SignUpRequest.swift; sourceTree = "<group>"; };
		B99F814427ED93B4002EC5E5 /* LogInRequest.swift */ = {isa = PBXFileReference; lastKnownFileType = sourcecode.swift; path = LogInRequest.swift; sourceTree = "<group>"; };
		B99F814627ED93C1002EC5E5 /* LogInResponse.swift */ = {isa = PBXFileReference; lastKnownFileType = sourcecode.swift; path = LogInResponse.swift; sourceTree = "<group>"; };
		B99F814B27ED9B1F002EC5E5 /* String.swift */ = {isa = PBXFileReference; lastKnownFileType = sourcecode.swift; path = String.swift; sourceTree = "<group>"; };
		B99F814D27ED9B88002EC5E5 /* UIViewController.swift */ = {isa = PBXFileReference; lastKnownFileType = sourcecode.swift; path = UIViewController.swift; sourceTree = "<group>"; };
		B99F814F27ED9EB6002EC5E5 /* IndicatorView.swift */ = {isa = PBXFileReference; lastKnownFileType = sourcecode.swift; path = IndicatorView.swift; sourceTree = "<group>"; };
		B99F815127ED9EF3002EC5E5 /* UIColor.swift */ = {isa = PBXFileReference; lastKnownFileType = sourcecode.swift; path = UIColor.swift; sourceTree = "<group>"; };
		B99F815327EDA2BA002EC5E5 /* SignUpDataManager.swift */ = {isa = PBXFileReference; lastKnownFileType = sourcecode.swift; path = SignUpDataManager.swift; sourceTree = "<group>"; };
		B9B0785927F5BC43003E130D /* DeleteCartRequest.swift */ = {isa = PBXFileReference; lastKnownFileType = sourcecode.swift; path = DeleteCartRequest.swift; sourceTree = "<group>"; };
		B9B0785B27F5BC4B003E130D /* DeleteCartResponse.swift */ = {isa = PBXFileReference; lastKnownFileType = sourcecode.swift; path = DeleteCartResponse.swift; sourceTree = "<group>"; };
		B9CE018627E88A9A00D9671A /* LoginViewController.swift */ = {isa = PBXFileReference; lastKnownFileType = sourcecode.swift; path = LoginViewController.swift; sourceTree = "<group>"; };
		B9CE018827E88AA300D9671A /* SignUpViewController.swift */ = {isa = PBXFileReference; lastKnownFileType = sourcecode.swift; path = SignUpViewController.swift; sourceTree = "<group>"; };
		B9CE018A27E88AB100D9671A /* MyPageViewController.swift */ = {isa = PBXFileReference; lastKnownFileType = sourcecode.swift; path = MyPageViewController.swift; sourceTree = "<group>"; };
		B9FBD24227F46C6100A4A895 /* ItemInfoCollectionViewCell.swift */ = {isa = PBXFileReference; lastKnownFileType = sourcecode.swift; path = ItemInfoCollectionViewCell.swift; sourceTree = "<group>"; };
		B9FBD24427F46EB200A4A895 /* UIImageView.swift */ = {isa = PBXFileReference; lastKnownFileType = sourcecode.swift; path = UIImageView.swift; sourceTree = "<group>"; };
		B9FBD24D27F486F300A4A895 /* AddCartViewController.swift */ = {isa = PBXFileReference; lastKnownFileType = sourcecode.swift; path = AddCartViewController.swift; sourceTree = "<group>"; };
		B9FBD24F27F4881800A4A895 /* AddCartCollectionViewCell.swift */ = {isa = PBXFileReference; lastKnownFileType = sourcecode.swift; path = AddCartCollectionViewCell.swift; sourceTree = "<group>"; };
		B9FBD25127F488CD00A4A895 /* AddCartRequest.swift */ = {isa = PBXFileReference; lastKnownFileType = sourcecode.swift; path = AddCartRequest.swift; sourceTree = "<group>"; };
		B9FBD25327F488D600A4A895 /* AddCartResponse.swift */ = {isa = PBXFileReference; lastKnownFileType = sourcecode.swift; path = AddCartResponse.swift; sourceTree = "<group>"; };
		B9FBD25727F48BFD00A4A895 /* GetCartRequest.swift */ = {isa = PBXFileReference; lastKnownFileType = sourcecode.swift; path = GetCartRequest.swift; sourceTree = "<group>"; };
		B9FBD25927F48C1000A4A895 /* GetCartResponse.swift */ = {isa = PBXFileReference; lastKnownFileType = sourcecode.swift; path = GetCartResponse.swift; sourceTree = "<group>"; };
		B9FBD25B27F4C3FB00A4A895 /* AddCartDataManager.swift */ = {isa = PBXFileReference; lastKnownFileType = sourcecode.swift; path = AddCartDataManager.swift; sourceTree = "<group>"; };
		B9FBD25F27F4E4A000A4A895 /* SearchRequest.swift */ = {isa = PBXFileReference; lastKnownFileType = sourcecode.swift; path = SearchRequest.swift; sourceTree = "<group>"; };
		B9FBD26127F4E4DE00A4A895 /* SearchResponse.swift */ = {isa = PBXFileReference; lastKnownFileType = sourcecode.swift; path = SearchResponse.swift; sourceTree = "<group>"; };
		B9FBD26327F4F51200A4A895 /* SearchCollectionViewCell.swift */ = {isa = PBXFileReference; lastKnownFileType = sourcecode.swift; path = SearchCollectionViewCell.swift; sourceTree = "<group>"; };
		B9FBD26727F4F5C600A4A895 /* GetReviewRequest.swift */ = {isa = PBXFileReference; lastKnownFileType = sourcecode.swift; path = GetReviewRequest.swift; sourceTree = "<group>"; };
		B9FBD26927F4F5D000A4A895 /* GetReviewResponse.swift */ = {isa = PBXFileReference; lastKnownFileType = sourcecode.swift; path = GetReviewResponse.swift; sourceTree = "<group>"; };
		B9FBD26B27F4F8C000A4A895 /* ReviewCollectionViewCell.swift */ = {isa = PBXFileReference; lastKnownFileType = sourcecode.swift; path = ReviewCollectionViewCell.swift; sourceTree = "<group>"; };
		B9FBD26D27F50F3B00A4A895 /* ReviewDetailViewController.swift */ = {isa = PBXFileReference; lastKnownFileType = sourcecode.swift; path = ReviewDetailViewController.swift; sourceTree = "<group>"; };
		B9FBD27127F5185C00A4A895 /* DeleteUserRequest.swift */ = {isa = PBXFileReference; lastKnownFileType = sourcecode.swift; path = DeleteUserRequest.swift; sourceTree = "<group>"; };
		B9FBD27327F5186400A4A895 /* DeleteUserResponse.swift */ = {isa = PBXFileReference; lastKnownFileType = sourcecode.swift; path = DeleteUserResponse.swift; sourceTree = "<group>"; };
		B9FBD27527F5186E00A4A895 /* DeleteUserViewController.swift */ = {isa = PBXFileReference; lastKnownFileType = sourcecode.swift; path = DeleteUserViewController.swift; sourceTree = "<group>"; };
		CFFDBD07CDF36946960C4888 /* Pods-RisingTest-RisingTestUITests.release.xcconfig */ = {isa = PBXFileReference; includeInIndex = 1; lastKnownFileType = text.xcconfig; name = "Pods-RisingTest-RisingTestUITests.release.xcconfig"; path = "Target Support Files/Pods-RisingTest-RisingTestUITests/Pods-RisingTest-RisingTestUITests.release.xcconfig"; sourceTree = "<group>"; };
		EC40CB844C26CE59EDF5500C /* Pods_RisingTest.framework */ = {isa = PBXFileReference; explicitFileType = wrapper.framework; includeInIndex = 0; path = Pods_RisingTest.framework; sourceTree = BUILT_PRODUCTS_DIR; };
		F0ABF0524A5710B3E44AD604 /* Pods-RisingTest-RisingTestUITests.debug.xcconfig */ = {isa = PBXFileReference; includeInIndex = 1; lastKnownFileType = text.xcconfig; name = "Pods-RisingTest-RisingTestUITests.debug.xcconfig"; path = "Target Support Files/Pods-RisingTest-RisingTestUITests/Pods-RisingTest-RisingTestUITests.debug.xcconfig"; sourceTree = "<group>"; };
		F7FD459FB72E9ABACB27413D /* Pods_RisingTestTests.framework */ = {isa = PBXFileReference; explicitFileType = wrapper.framework; includeInIndex = 0; path = Pods_RisingTestTests.framework; sourceTree = BUILT_PRODUCTS_DIR; };
/* End PBXFileReference section */

/* Begin PBXFrameworksBuildPhase section */
		B943506E27E5E66F0079BE3D /* Frameworks */ = {
			isa = PBXFrameworksBuildPhase;
			buildActionMask = 2147483647;
			files = (
				D5F9F4C9937B75E6E3E00170 /* Pods_RisingTest.framework in Frameworks */,
				B99F815727EDA3B1002EC5E5 /* Alamofire in Frameworks */,
			);
			runOnlyForDeploymentPostprocessing = 0;
		};
		B943508427E5E6700079BE3D /* Frameworks */ = {
			isa = PBXFrameworksBuildPhase;
			buildActionMask = 2147483647;
			files = (
				DFF21846EC52881004F8F650 /* Pods_RisingTestTests.framework in Frameworks */,
			);
			runOnlyForDeploymentPostprocessing = 0;
		};
		B943508E27E5E6700079BE3D /* Frameworks */ = {
			isa = PBXFrameworksBuildPhase;
			buildActionMask = 2147483647;
			files = (
				7C7F410878748622D56CA2C7 /* Pods_RisingTest_RisingTestUITests.framework in Frameworks */,
			);
			runOnlyForDeploymentPostprocessing = 0;
		};
/* End PBXFrameworksBuildPhase section */

/* Begin PBXGroup section */
		94E78469477D47EEF4C28C70 /* Pods */ = {
			isa = PBXGroup;
			children = (
				5B35DEE7620A0CE49A38324F /* Pods-RisingTest.debug.xcconfig */,
				63DD58FEA3BEE80DE6B8F282 /* Pods-RisingTest.release.xcconfig */,
				F0ABF0524A5710B3E44AD604 /* Pods-RisingTest-RisingTestUITests.debug.xcconfig */,
				CFFDBD07CDF36946960C4888 /* Pods-RisingTest-RisingTestUITests.release.xcconfig */,
				6BF391380A1B5CD6C5337108 /* Pods-RisingTestTests.debug.xcconfig */,
				6D347E67BCC290F7D245CE31 /* Pods-RisingTestTests.release.xcconfig */,
			);
			path = Pods;
			sourceTree = "<group>";
		};
		B905D14A27F1A42E00164006 /* RandomItem */ = {
			isa = PBXGroup;
			children = (
				B905D14B27F1A44C00164006 /* Entity */,
			);
			path = RandomItem;
			sourceTree = "<group>";
		};
		B905D14B27F1A44C00164006 /* Entity */ = {
			isa = PBXGroup;
			children = (
				B905D14C27F1A45B00164006 /* RandomRequest.swift */,
				B905D14E27F1A46B00164006 /* RandomResponse.swift */,
			);
			path = Entity;
			sourceTree = "<group>";
		};
		B905D15027F1A47300164006 /* SaleItem */ = {
			isa = PBXGroup;
			children = (
				B905D15227F1A49600164006 /* Entity */,
			);
			path = SaleItem;
			sourceTree = "<group>";
		};
		B905D15127F1A48900164006 /* MDItem */ = {
			isa = PBXGroup;
			children = (
				B905D15327F1A49C00164006 /* Entity */,
			);
			path = MDItem;
			sourceTree = "<group>";
		};
		B905D15227F1A49600164006 /* Entity */ = {
			isa = PBXGroup;
			children = (
				B905D15427F1A4AC00164006 /* SaleRequest.swift */,
				B905D15627F1A4B500164006 /* SaleResponse.swift */,
			);
			path = Entity;
			sourceTree = "<group>";
		};
		B905D15327F1A49C00164006 /* Entity */ = {
			isa = PBXGroup;
			children = (
				B905D15827F1A4CA00164006 /* MDRequest.swift */,
				B905D15A27F1A4D100164006 /* MDResponse.swift */,
			);
			path = Entity;
			sourceTree = "<group>";
		};
		B905D15C27F1A4E600164006 /* ItemDetail */ = {
			isa = PBXGroup;
			children = (
				B904905127F38054000B514C /* ItemIntroViewController.swift */,
				B904904B27F37E48000B514C /* ItemInfoViewController.swift */,
				B904904F27F37E63000B514C /* AskViewController.swift */,
				B905D15D27F1A4FE00164006 /* Entity */,
			);
			path = ItemDetail;
			sourceTree = "<group>";
		};
		B905D15D27F1A4FE00164006 /* Entity */ = {
			isa = PBXGroup;
			children = (
				B905D15E27F1A50B00164006 /* DetailRequest.swift */,
				B905D16027F1A51400164006 /* DetailResponse.swift */,
			);
			path = Entity;
			sourceTree = "<group>";
		};
		B909DC6127F0414300306CB1 /* ModifyUserInfo */ = {
			isa = PBXGroup;
			children = (
				B909DC6327F0418500306CB1 /* CheckViewController.swift */,
				B909DC6527F0419400306CB1 /* ModifyViewController.swift */,
				B909DC6727F041A700306CB1 /* ModifyDataManager.swift */,
				B909DC6227F0415500306CB1 /* Entity */,
			);
			path = ModifyUserInfo;
			sourceTree = "<group>";
		};
		B909DC6227F0415500306CB1 /* Entity */ = {
			isa = PBXGroup;
			children = (
				B909DC6927F041BC00306CB1 /* ModifyRequest.swift */,
				B909DC6B27F041C600306CB1 /* ModifyResponse.swift */,
			);
			path = Entity;
			sourceTree = "<group>";
		};
		B909DC6D27F0422B00306CB1 /* Source */ = {
			isa = PBXGroup;
			children = (
				B943507A27E5E66F0079BE3D /* Main.storyboard */,
				B99F813C27ED7BEB002EC5E5 /* Network */,
				B909DC7027F043CF00306CB1 /* MainTab */,
			);
			path = Source;
			sourceTree = "<group>";
		};
		B909DC6E27F0425D00306CB1 /* Sub Component */ = {
			isa = PBXGroup;
			children = (
				B9FBD24A27F47F2100A4A895 /* Cell */,
				B909DC6F27F0427400306CB1 /* PagingKit */,
			);
			path = "Sub Component";
			sourceTree = "<group>";
		};
		B909DC6F27F0427400306CB1 /* PagingKit */ = {
			isa = PBXGroup;
			children = (
				B94A850A27F3746F00B53ABA /* Home Paging */,
				B94A850B27F3747B00B53ABA /* Datail Paging */,
			);
			path = PagingKit;
			sourceTree = "<group>";
		};
		B909DC7027F043CF00306CB1 /* MainTab */ = {
			isa = PBXGroup;
			children = (
				B9FBD24627F47DEF00A4A895 /* Home */,
				B9FBD24727F47E0300A4A895 /* Category */,
				B9FBD24827F47E0A00A4A895 /* Search */,
				B9FBD24927F47E0F00A4A895 /* MyKurly */,
				B909DC6E27F0425D00306CB1 /* Sub Component */,
			);
			path = MainTab;
			sourceTree = "<group>";
		};
		B943506827E5E66F0079BE3D = {
			isa = PBXGroup;
			children = (
				B943507327E5E66F0079BE3D /* RisingTest */,
				B943508A27E5E6700079BE3D /* RisingTestTests */,
				B943509427E5E6700079BE3D /* RisingTestUITests */,
				B943507227E5E66F0079BE3D /* Products */,
				94E78469477D47EEF4C28C70 /* Pods */,
				C033448779013229D586F080 /* Frameworks */,
			);
			sourceTree = "<group>";
		};
		B943507227E5E66F0079BE3D /* Products */ = {
			isa = PBXGroup;
			children = (
				B943507127E5E66F0079BE3D /* RisingTest.app */,
				B943508727E5E6700079BE3D /* RisingTestTests.xctest */,
				B943509127E5E6700079BE3D /* RisingTestUITests.xctest */,
			);
			name = Products;
			sourceTree = "<group>";
		};
		B943507327E5E66F0079BE3D /* RisingTest */ = {
			isa = PBXGroup;
			children = (
				B99F814927ED9B06002EC5E5 /* Util */,
				B909DC6D27F0422B00306CB1 /* Source */,
				B943507427E5E66F0079BE3D /* AppDelegate.swift */,
				B943507627E5E66F0079BE3D /* SceneDelegate.swift */,
				B943507D27E5E6700079BE3D /* Assets.xcassets */,
				B943507F27E5E6700079BE3D /* LaunchScreen.storyboard */,
				B943508227E5E6700079BE3D /* Info.plist */,
			);
			path = RisingTest;
			sourceTree = "<group>";
		};
		B943508A27E5E6700079BE3D /* RisingTestTests */ = {
			isa = PBXGroup;
			children = (
				B943508B27E5E6700079BE3D /* RisingTestTests.swift */,
			);
			path = RisingTestTests;
			sourceTree = "<group>";
		};
		B943509427E5E6700079BE3D /* RisingTestUITests */ = {
			isa = PBXGroup;
			children = (
				B943509527E5E6700079BE3D /* RisingTestUITests.swift */,
				B943509727E5E6700079BE3D /* RisingTestUITestsLaunchTests.swift */,
			);
			path = RisingTestUITests;
			sourceTree = "<group>";
		};
		B94A850A27F3746F00B53ABA /* Home Paging */ = {
			isa = PBXGroup;
			children = (
				B943507827E5E66F0079BE3D /* ViewController.swift */,
				B97AB79727F1819B00CF72E1 /* NewViewController.swift */,
				B97AB79927F181A400CF72E1 /* BestViewController.swift */,
				B94350A427E5F1CF0079BE3D /* MenuCell.swift */,
				B94350A627E5F1FF0079BE3D /* MenuCell.xib */,
				B94350A827E5F3590079BE3D /* FocusView.xib */,
			);
			path = "Home Paging";
			sourceTree = "<group>";
		};
		B94A850B27F3747B00B53ABA /* Datail Paging */ = {
			isa = PBXGroup;
			children = (
				B94A850827F372FF00B53ABA /* DetailViewController.swift */,
				B94A850E27F374C100B53ABA /* DetaileMenuCell.swift */,
				B94A851027F374D400B53ABA /* DetailMenuCell.xib */,
				B94A851227F3755600B53ABA /* DetailFocusView.xib */,
			);
			path = "Datail Paging";
			sourceTree = "<group>";
		};
		B96E70FA27EF521700E0EA8F /* UserInfo */ = {
			isa = PBXGroup;
			children = (
				B96E710027EF53C800E0EA8F /* UserInfoDataManager.swift */,
				B96E70FB27EF522E00E0EA8F /* Entity */,
			);
			path = UserInfo;
			sourceTree = "<group>";
		};
		B96E70FB27EF522E00E0EA8F /* Entity */ = {
			isa = PBXGroup;
			children = (
				B96E70FC27EF524F00E0EA8F /* UserResponse.swift */,
			);
			path = Entity;
			sourceTree = "<group>";
		};
		B99F813C27ED7BEB002EC5E5 /* Network */ = {
			isa = PBXGroup;
			children = (
				B99F813D27ED7BF3002EC5E5 /* SignUp */,
				B99F814327ED939B002EC5E5 /* LogIn */,
				B96E70FA27EF521700E0EA8F /* UserInfo */,
				B909DC6127F0414300306CB1 /* ModifyUserInfo */,
				B9FBD26F27F5183800A4A895 /* DeleteUser */,
				B905D14A27F1A42E00164006 /* RandomItem */,
				B905D15027F1A47300164006 /* SaleItem */,
				B905D15127F1A48900164006 /* MDItem */,
				B905D15C27F1A4E600164006 /* ItemDetail */,
				B9FBD24B27F47FE500A4A895 /* AddCart */,
				B9FBD25527F48BE800A4A895 /* GetCart */,
				B9B0785727F5BBE9003E130D /* DeleteCart */,
				B9FBD26527F4F5A200A4A895 /* GetReview */,
				B9FBD25D27F4E48400A4A895 /* SearchItem */,
			);
			path = Network;
			sourceTree = "<group>";
		};
		B99F813D27ED7BF3002EC5E5 /* SignUp */ = {
			isa = PBXGroup;
			children = (
				B9CE018827E88AA300D9671A /* SignUpViewController.swift */,
				B99F815327EDA2BA002EC5E5 /* SignUpDataManager.swift */,
				B99F813E27ED7BF9002EC5E5 /* Entity */,
			);
			path = SignUp;
			sourceTree = "<group>";
		};
		B99F813E27ED7BF9002EC5E5 /* Entity */ = {
			isa = PBXGroup;
			children = (
				B99F814127ED7C17002EC5E5 /* SignUpRequest.swift */,
				B99F813F27ED7C08002EC5E5 /* SignUpResponse.swift */,
			);
			path = Entity;
			sourceTree = "<group>";
		};
		B99F814327ED939B002EC5E5 /* LogIn */ = {
			isa = PBXGroup;
			children = (
				B9CE018627E88A9A00D9671A /* LoginViewController.swift */,
				B96E70F827EF40F400E0EA8F /* LoginDataManager.swift */,
				B99F814827ED93C8002EC5E5 /* Entity */,
			);
			path = LogIn;
			sourceTree = "<group>";
		};
		B99F814827ED93C8002EC5E5 /* Entity */ = {
			isa = PBXGroup;
			children = (
				B99F814427ED93B4002EC5E5 /* LogInRequest.swift */,
				B99F814627ED93C1002EC5E5 /* LogInResponse.swift */,
			);
			name = Entity;
			sourceTree = "<group>";
		};
		B99F814927ED9B06002EC5E5 /* Util */ = {
			isa = PBXGroup;
			children = (
				B99F814F27ED9EB6002EC5E5 /* IndicatorView.swift */,
				B99F814A27ED9B16002EC5E5 /* Extension */,
			);
			path = Util;
			sourceTree = "<group>";
		};
		B99F814A27ED9B16002EC5E5 /* Extension */ = {
			isa = PBXGroup;
			children = (
				B99F814B27ED9B1F002EC5E5 /* String.swift */,
				B99F814D27ED9B88002EC5E5 /* UIViewController.swift */,
				B99F815127ED9EF3002EC5E5 /* UIColor.swift */,
				B9FBD24427F46EB200A4A895 /* UIImageView.swift */,
			);
			path = Extension;
			sourceTree = "<group>";
		};
		B9B0785727F5BBE9003E130D /* DeleteCart */ = {
			isa = PBXGroup;
			children = (
				B9B0785827F5BC31003E130D /* Entity */,
			);
			path = DeleteCart;
			sourceTree = "<group>";
		};
		B9B0785827F5BC31003E130D /* Entity */ = {
			isa = PBXGroup;
			children = (
				B9B0785927F5BC43003E130D /* DeleteCartRequest.swift */,
				B9B0785B27F5BC4B003E130D /* DeleteCartResponse.swift */,
			);
			path = Entity;
			sourceTree = "<group>";
		};
		B9FBD24627F47DEF00A4A895 /* Home */ = {
			isa = PBXGroup;
			children = (
				B97AB79527F1819000CF72E1 /* RecommendViewController.swift */,
			);
			path = Home;
			sourceTree = "<group>";
		};
		B9FBD24727F47E0300A4A895 /* Category */ = {
			isa = PBXGroup;
			children = (
				B909DC5F27F03C8A00306CB1 /* CategoryViewController.swift */,
			);
			path = Category;
			sourceTree = "<group>";
		};
		B9FBD24827F47E0A00A4A895 /* Search */ = {
			isa = PBXGroup;
			children = (
				B909DC5D27F03C7A00306CB1 /* SearchViewController.swift */,
			);
			path = Search;
			sourceTree = "<group>";
		};
		B9FBD24927F47E0F00A4A895 /* MyKurly */ = {
			isa = PBXGroup;
			children = (
				B9CE018A27E88AB100D9671A /* MyPageViewController.swift */,
				B913CF5527F2432C005E77DF /* MyPageNavigationControllerViewController.swift */,
				B913CF5327F23A4A005E77DF /* MyPageViewController2.swift */,
			);
			path = MyKurly;
			sourceTree = "<group>";
		};
		B9FBD24A27F47F2100A4A895 /* Cell */ = {
			isa = PBXGroup;
			children = (
				B905D16227F1C15300164006 /* RandomCollectionViewCell.swift */,
				B905D16427F1D9C100164006 /* SaleCollectionViewCell.swift */,
				B94A850427F3627800B53ABA /* CartCollectionViewCell.swift */,
				B9FBD24227F46C6100A4A895 /* ItemInfoCollectionViewCell.swift */,
				B9FBD24F27F4881800A4A895 /* AddCartCollectionViewCell.swift */,
				B9FBD26327F4F51200A4A895 /* SearchCollectionViewCell.swift */,
				B9FBD26B27F4F8C000A4A895 /* ReviewCollectionViewCell.swift */,
			);
			path = Cell;
			sourceTree = "<group>";
		};
		B9FBD24B27F47FE500A4A895 /* AddCart */ = {
			isa = PBXGroup;
			children = (
				B9FBD24D27F486F300A4A895 /* AddCartViewController.swift */,
				B9FBD25B27F4C3FB00A4A895 /* AddCartDataManager.swift */,
				B9FBD24C27F47FF000A4A895 /* Entity */,
			);
			path = AddCart;
			sourceTree = "<group>";
		};
		B9FBD24C27F47FF000A4A895 /* Entity */ = {
			isa = PBXGroup;
			children = (
				B9FBD25127F488CD00A4A895 /* AddCartRequest.swift */,
				B9FBD25327F488D600A4A895 /* AddCartResponse.swift */,
			);
			path = Entity;
			sourceTree = "<group>";
		};
		B9FBD25527F48BE800A4A895 /* GetCart */ = {
			isa = PBXGroup;
			children = (
				B94A850627F36AD100B53ABA /* CartViewController.swift */,
				B9FBD25627F48BF300A4A895 /* Entity */,
			);
			path = GetCart;
			sourceTree = "<group>";
		};
		B9FBD25627F48BF300A4A895 /* Entity */ = {
			isa = PBXGroup;
			children = (
				B9FBD25727F48BFD00A4A895 /* GetCartRequest.swift */,
				B9FBD25927F48C1000A4A895 /* GetCartResponse.swift */,
			);
			path = Entity;
			sourceTree = "<group>";
		};
		B9FBD25D27F4E48400A4A895 /* SearchItem */ = {
			isa = PBXGroup;
			children = (
				B9FBD25E27F4E49100A4A895 /* Entity */,
			);
			path = SearchItem;
			sourceTree = "<group>";
		};
		B9FBD25E27F4E49100A4A895 /* Entity */ = {
			isa = PBXGroup;
			children = (
				B9FBD25F27F4E4A000A4A895 /* SearchRequest.swift */,
				B9FBD26127F4E4DE00A4A895 /* SearchResponse.swift */,
			);
			path = Entity;
			sourceTree = "<group>";
		};
		B9FBD26527F4F5A200A4A895 /* GetReview */ = {
			isa = PBXGroup;
			children = (
				B904904D27F37E56000B514C /* ReviewViewController.swift */,
				B9FBD26D27F50F3B00A4A895 /* ReviewDetailViewController.swift */,
				B9FBD26627F4F5B200A4A895 /* Entity */,
			);
			path = GetReview;
			sourceTree = "<group>";
		};
		B9FBD26627F4F5B200A4A895 /* Entity */ = {
			isa = PBXGroup;
			children = (
				B9FBD26727F4F5C600A4A895 /* GetReviewRequest.swift */,
				B9FBD26927F4F5D000A4A895 /* GetReviewResponse.swift */,
			);
			path = Entity;
			sourceTree = "<group>";
		};
		B9FBD26F27F5183800A4A895 /* DeleteUser */ = {
			isa = PBXGroup;
			children = (
				B9FBD27527F5186E00A4A895 /* DeleteUserViewController.swift */,
				B9FBD27027F5184A00A4A895 /* Entity */,
			);
			path = DeleteUser;
			sourceTree = "<group>";
		};
		B9FBD27027F5184A00A4A895 /* Entity */ = {
			isa = PBXGroup;
			children = (
				B9FBD27127F5185C00A4A895 /* DeleteUserRequest.swift */,
				B9FBD27327F5186400A4A895 /* DeleteUserResponse.swift */,
			);
			path = Entity;
			sourceTree = "<group>";
		};
		C033448779013229D586F080 /* Frameworks */ = {
			isa = PBXGroup;
			children = (
				EC40CB844C26CE59EDF5500C /* Pods_RisingTest.framework */,
				B69EA40B5F22C63CB31B8875 /* Pods_RisingTest_RisingTestUITests.framework */,
				F7FD459FB72E9ABACB27413D /* Pods_RisingTestTests.framework */,
			);
			name = Frameworks;
			sourceTree = "<group>";
		};
/* End PBXGroup section */

/* Begin PBXNativeTarget section */
		B943507027E5E66F0079BE3D /* RisingTest */ = {
			isa = PBXNativeTarget;
			buildConfigurationList = B943509B27E5E6700079BE3D /* Build configuration list for PBXNativeTarget "RisingTest" */;
			buildPhases = (
				ACBA2BD30B64DFCEF1C32727 /* [CP] Check Pods Manifest.lock */,
				B943506D27E5E66F0079BE3D /* Sources */,
				B943506E27E5E66F0079BE3D /* Frameworks */,
				B943506F27E5E66F0079BE3D /* Resources */,
				98BDE00EEA52587A4D3CC2C9 /* [CP] Embed Pods Frameworks */,
			);
			buildRules = (
			);
			dependencies = (
			);
			name = RisingTest;
			packageProductDependencies = (
				B99F815627EDA3B1002EC5E5 /* Alamofire */,
			);
			productName = RisingTest;
			productReference = B943507127E5E66F0079BE3D /* RisingTest.app */;
			productType = "com.apple.product-type.application";
		};
		B943508627E5E6700079BE3D /* RisingTestTests */ = {
			isa = PBXNativeTarget;
			buildConfigurationList = B943509E27E5E6700079BE3D /* Build configuration list for PBXNativeTarget "RisingTestTests" */;
			buildPhases = (
				E1E67BD09F12E1FA0FFFAD15 /* [CP] Check Pods Manifest.lock */,
				B943508327E5E6700079BE3D /* Sources */,
				B943508427E5E6700079BE3D /* Frameworks */,
				B943508527E5E6700079BE3D /* Resources */,
			);
			buildRules = (
			);
			dependencies = (
				B943508927E5E6700079BE3D /* PBXTargetDependency */,
			);
			name = RisingTestTests;
			productName = RisingTestTests;
			productReference = B943508727E5E6700079BE3D /* RisingTestTests.xctest */;
			productType = "com.apple.product-type.bundle.unit-test";
		};
		B943509027E5E6700079BE3D /* RisingTestUITests */ = {
			isa = PBXNativeTarget;
			buildConfigurationList = B94350A127E5E6700079BE3D /* Build configuration list for PBXNativeTarget "RisingTestUITests" */;
			buildPhases = (
				FC9517333EC1D5568222FC37 /* [CP] Check Pods Manifest.lock */,
				B943508D27E5E6700079BE3D /* Sources */,
				B943508E27E5E6700079BE3D /* Frameworks */,
				B943508F27E5E6700079BE3D /* Resources */,
				D7762FFF00029C28DBFBA81D /* [CP] Embed Pods Frameworks */,
			);
			buildRules = (
			);
			dependencies = (
				B943509327E5E6700079BE3D /* PBXTargetDependency */,
			);
			name = RisingTestUITests;
			productName = RisingTestUITests;
			productReference = B943509127E5E6700079BE3D /* RisingTestUITests.xctest */;
			productType = "com.apple.product-type.bundle.ui-testing";
		};
/* End PBXNativeTarget section */

/* Begin PBXProject section */
		B943506927E5E66F0079BE3D /* Project object */ = {
			isa = PBXProject;
			attributes = {
				BuildIndependentTargetsInParallel = 1;
				LastSwiftUpdateCheck = 1320;
				LastUpgradeCheck = 1320;
				TargetAttributes = {
					B943507027E5E66F0079BE3D = {
						CreatedOnToolsVersion = 13.2.1;
					};
					B943508627E5E6700079BE3D = {
						CreatedOnToolsVersion = 13.2.1;
						TestTargetID = B943507027E5E66F0079BE3D;
					};
					B943509027E5E6700079BE3D = {
						CreatedOnToolsVersion = 13.2.1;
						TestTargetID = B943507027E5E66F0079BE3D;
					};
				};
			};
			buildConfigurationList = B943506C27E5E66F0079BE3D /* Build configuration list for PBXProject "RisingTest" */;
			compatibilityVersion = "Xcode 13.0";
			developmentRegion = en;
			hasScannedForEncodings = 0;
			knownRegions = (
				en,
				Base,
			);
			mainGroup = B943506827E5E66F0079BE3D;
			packageReferences = (
				B99F815527EDA3B1002EC5E5 /* XCRemoteSwiftPackageReference "Alamofire" */,
			);
			productRefGroup = B943507227E5E66F0079BE3D /* Products */;
			projectDirPath = "";
			projectRoot = "";
			targets = (
				B943507027E5E66F0079BE3D /* RisingTest */,
				B943508627E5E6700079BE3D /* RisingTestTests */,
				B943509027E5E6700079BE3D /* RisingTestUITests */,
			);
		};
/* End PBXProject section */

/* Begin PBXResourcesBuildPhase section */
		B943506F27E5E66F0079BE3D /* Resources */ = {
			isa = PBXResourcesBuildPhase;
			buildActionMask = 2147483647;
			files = (
				B943508127E5E6700079BE3D /* LaunchScreen.storyboard in Resources */,
				B943507E27E5E6700079BE3D /* Assets.xcassets in Resources */,
				B94350A727E5F1FF0079BE3D /* MenuCell.xib in Resources */,
				B94350A927E5F3590079BE3D /* FocusView.xib in Resources */,
				B94A851327F3755600B53ABA /* DetailFocusView.xib in Resources */,
				B943507C27E5E66F0079BE3D /* Main.storyboard in Resources */,
				B94A851127F374D400B53ABA /* DetailMenuCell.xib in Resources */,
			);
			runOnlyForDeploymentPostprocessing = 0;
		};
		B943508527E5E6700079BE3D /* Resources */ = {
			isa = PBXResourcesBuildPhase;
			buildActionMask = 2147483647;
			files = (
			);
			runOnlyForDeploymentPostprocessing = 0;
		};
		B943508F27E5E6700079BE3D /* Resources */ = {
			isa = PBXResourcesBuildPhase;
			buildActionMask = 2147483647;
			files = (
			);
			runOnlyForDeploymentPostprocessing = 0;
		};
/* End PBXResourcesBuildPhase section */

/* Begin PBXShellScriptBuildPhase section */
		98BDE00EEA52587A4D3CC2C9 /* [CP] Embed Pods Frameworks */ = {
			isa = PBXShellScriptBuildPhase;
			buildActionMask = 2147483647;
			files = (
			);
			inputFileListPaths = (
				"${PODS_ROOT}/Target Support Files/Pods-RisingTest/Pods-RisingTest-frameworks-${CONFIGURATION}-input-files.xcfilelist",
			);
			name = "[CP] Embed Pods Frameworks";
			outputFileListPaths = (
				"${PODS_ROOT}/Target Support Files/Pods-RisingTest/Pods-RisingTest-frameworks-${CONFIGURATION}-output-files.xcfilelist",
			);
			runOnlyForDeploymentPostprocessing = 0;
			shellPath = /bin/sh;
			shellScript = "\"${PODS_ROOT}/Target Support Files/Pods-RisingTest/Pods-RisingTest-frameworks.sh\"\n";
			showEnvVarsInLog = 0;
		};
		ACBA2BD30B64DFCEF1C32727 /* [CP] Check Pods Manifest.lock */ = {
			isa = PBXShellScriptBuildPhase;
			buildActionMask = 2147483647;
			files = (
			);
			inputFileListPaths = (
			);
			inputPaths = (
				"${PODS_PODFILE_DIR_PATH}/Podfile.lock",
				"${PODS_ROOT}/Manifest.lock",
			);
			name = "[CP] Check Pods Manifest.lock";
			outputFileListPaths = (
			);
			outputPaths = (
				"$(DERIVED_FILE_DIR)/Pods-RisingTest-checkManifestLockResult.txt",
			);
			runOnlyForDeploymentPostprocessing = 0;
			shellPath = /bin/sh;
			shellScript = "diff \"${PODS_PODFILE_DIR_PATH}/Podfile.lock\" \"${PODS_ROOT}/Manifest.lock\" > /dev/null\nif [ $? != 0 ] ; then\n    # print error to STDERR\n    echo \"error: The sandbox is not in sync with the Podfile.lock. Run 'pod install' or update your CocoaPods installation.\" >&2\n    exit 1\nfi\n# This output is used by Xcode 'outputs' to avoid re-running this script phase.\necho \"SUCCESS\" > \"${SCRIPT_OUTPUT_FILE_0}\"\n";
			showEnvVarsInLog = 0;
		};
		D7762FFF00029C28DBFBA81D /* [CP] Embed Pods Frameworks */ = {
			isa = PBXShellScriptBuildPhase;
			buildActionMask = 2147483647;
			files = (
			);
			inputFileListPaths = (
				"${PODS_ROOT}/Target Support Files/Pods-RisingTest-RisingTestUITests/Pods-RisingTest-RisingTestUITests-frameworks-${CONFIGURATION}-input-files.xcfilelist",
			);
			name = "[CP] Embed Pods Frameworks";
			outputFileListPaths = (
				"${PODS_ROOT}/Target Support Files/Pods-RisingTest-RisingTestUITests/Pods-RisingTest-RisingTestUITests-frameworks-${CONFIGURATION}-output-files.xcfilelist",
			);
			runOnlyForDeploymentPostprocessing = 0;
			shellPath = /bin/sh;
			shellScript = "\"${PODS_ROOT}/Target Support Files/Pods-RisingTest-RisingTestUITests/Pods-RisingTest-RisingTestUITests-frameworks.sh\"\n";
			showEnvVarsInLog = 0;
		};
		E1E67BD09F12E1FA0FFFAD15 /* [CP] Check Pods Manifest.lock */ = {
			isa = PBXShellScriptBuildPhase;
			buildActionMask = 2147483647;
			files = (
			);
			inputFileListPaths = (
			);
			inputPaths = (
				"${PODS_PODFILE_DIR_PATH}/Podfile.lock",
				"${PODS_ROOT}/Manifest.lock",
			);
			name = "[CP] Check Pods Manifest.lock";
			outputFileListPaths = (
			);
			outputPaths = (
				"$(DERIVED_FILE_DIR)/Pods-RisingTestTests-checkManifestLockResult.txt",
			);
			runOnlyForDeploymentPostprocessing = 0;
			shellPath = /bin/sh;
			shellScript = "diff \"${PODS_PODFILE_DIR_PATH}/Podfile.lock\" \"${PODS_ROOT}/Manifest.lock\" > /dev/null\nif [ $? != 0 ] ; then\n    # print error to STDERR\n    echo \"error: The sandbox is not in sync with the Podfile.lock. Run 'pod install' or update your CocoaPods installation.\" >&2\n    exit 1\nfi\n# This output is used by Xcode 'outputs' to avoid re-running this script phase.\necho \"SUCCESS\" > \"${SCRIPT_OUTPUT_FILE_0}\"\n";
			showEnvVarsInLog = 0;
		};
		FC9517333EC1D5568222FC37 /* [CP] Check Pods Manifest.lock */ = {
			isa = PBXShellScriptBuildPhase;
			buildActionMask = 2147483647;
			files = (
			);
			inputFileListPaths = (
			);
			inputPaths = (
				"${PODS_PODFILE_DIR_PATH}/Podfile.lock",
				"${PODS_ROOT}/Manifest.lock",
			);
			name = "[CP] Check Pods Manifest.lock";
			outputFileListPaths = (
			);
			outputPaths = (
				"$(DERIVED_FILE_DIR)/Pods-RisingTest-RisingTestUITests-checkManifestLockResult.txt",
			);
			runOnlyForDeploymentPostprocessing = 0;
			shellPath = /bin/sh;
			shellScript = "diff \"${PODS_PODFILE_DIR_PATH}/Podfile.lock\" \"${PODS_ROOT}/Manifest.lock\" > /dev/null\nif [ $? != 0 ] ; then\n    # print error to STDERR\n    echo \"error: The sandbox is not in sync with the Podfile.lock. Run 'pod install' or update your CocoaPods installation.\" >&2\n    exit 1\nfi\n# This output is used by Xcode 'outputs' to avoid re-running this script phase.\necho \"SUCCESS\" > \"${SCRIPT_OUTPUT_FILE_0}\"\n";
			showEnvVarsInLog = 0;
		};
/* End PBXShellScriptBuildPhase section */

/* Begin PBXSourcesBuildPhase section */
		B943506D27E5E66F0079BE3D /* Sources */ = {
			isa = PBXSourcesBuildPhase;
			buildActionMask = 2147483647;
			files = (
				B9FBD24E27F486F300A4A895 /* AddCartViewController.swift in Sources */,
				B904905027F37E63000B514C /* AskViewController.swift in Sources */,
				B909DC6427F0418500306CB1 /* CheckViewController.swift in Sources */,
				B96E710127EF53C800E0EA8F /* UserInfoDataManager.swift in Sources */,
				B913CF5427F23A4A005E77DF /* MyPageViewController2.swift in Sources */,
				B904905227F38054000B514C /* ItemIntroViewController.swift in Sources */,
				B99F814727ED93C1002EC5E5 /* LogInResponse.swift in Sources */,
				B97AB79A27F181A400CF72E1 /* BestViewController.swift in Sources */,
				B9CE018927E88AA300D9671A /* SignUpViewController.swift in Sources */,
				B94A850527F3627800B53ABA /* CartCollectionViewCell.swift in Sources */,
				B909DC6627F0419400306CB1 /* ModifyViewController.swift in Sources */,
				B9FBD26027F4E4A000A4A895 /* SearchRequest.swift in Sources */,
				B905D15927F1A4CA00164006 /* MDRequest.swift in Sources */,
				B913CF5627F2432C005E77DF /* MyPageNavigationControllerViewController.swift in Sources */,
				B943507927E5E66F0079BE3D /* ViewController.swift in Sources */,
				B94A850927F372FF00B53ABA /* DetailViewController.swift in Sources */,
				B9FBD26A27F4F5D000A4A895 /* GetReviewResponse.swift in Sources */,
				B9CE018B27E88AB100D9671A /* MyPageViewController.swift in Sources */,
				B9FBD26C27F4F8C000A4A895 /* ReviewCollectionViewCell.swift in Sources */,
				B99F815227ED9EF3002EC5E5 /* UIColor.swift in Sources */,
				B905D15F27F1A50B00164006 /* DetailRequest.swift in Sources */,
				B9FBD25427F488D600A4A895 /* AddCartResponse.swift in Sources */,
				B905D15B27F1A4D100164006 /* MDResponse.swift in Sources */,
				B94A850727F36AD100B53ABA /* CartViewController.swift in Sources */,
				B943507527E5E66F0079BE3D /* AppDelegate.swift in Sources */,
				B9FBD24327F46C6100A4A895 /* ItemInfoCollectionViewCell.swift in Sources */,
				B905D14D27F1A45B00164006 /* RandomRequest.swift in Sources */,
				B9B0785C27F5BC4B003E130D /* DeleteCartResponse.swift in Sources */,
				B99F814027ED7C08002EC5E5 /* SignUpResponse.swift in Sources */,
				B99F814C27ED9B1F002EC5E5 /* String.swift in Sources */,
				B97AB79627F1819000CF72E1 /* RecommendViewController.swift in Sources */,
				B9FBD27627F5186E00A4A895 /* DeleteUserViewController.swift in Sources */,
				B94A850F27F374C100B53ABA /* DetaileMenuCell.swift in Sources */,
				B905D15727F1A4B500164006 /* SaleResponse.swift in Sources */,
				B99F814E27ED9B88002EC5E5 /* UIViewController.swift in Sources */,
				B9FBD24527F46EB200A4A895 /* UIImageView.swift in Sources */,
				B99F814227ED7C17002EC5E5 /* SignUpRequest.swift in Sources */,
				B94350A527E5F1CF0079BE3D /* MenuCell.swift in Sources */,
				B9FBD25027F4881800A4A895 /* AddCartCollectionViewCell.swift in Sources */,
				B904904E27F37E56000B514C /* ReviewViewController.swift in Sources */,
				B9B0785A27F5BC43003E130D /* DeleteCartRequest.swift in Sources */,
				B99F815027ED9EB6002EC5E5 /* IndicatorView.swift in Sources */,
				B99F814527ED93B4002EC5E5 /* LogInRequest.swift in Sources */,
				B905D14F27F1A46B00164006 /* RandomResponse.swift in Sources */,
				B909DC6A27F041BC00306CB1 /* ModifyRequest.swift in Sources */,
				B9FBD25A27F48C1000A4A895 /* GetCartResponse.swift in Sources */,
				B905D16327F1C15300164006 /* RandomCollectionViewCell.swift in Sources */,
				B909DC6827F041A700306CB1 /* ModifyDataManager.swift in Sources */,
				B909DC5E27F03C7A00306CB1 /* SearchViewController.swift in Sources */,
				B9FBD25827F48BFD00A4A895 /* GetCartRequest.swift in Sources */,
				B9FBD25227F488CD00A4A895 /* AddCartRequest.swift in Sources */,
				B99F815427EDA2BA002EC5E5 /* SignUpDataManager.swift in Sources */,
				B905D16527F1D9C100164006 /* SaleCollectionViewCell.swift in Sources */,
				B9CE018727E88A9A00D9671A /* LoginViewController.swift in Sources */,
				B96E70F927EF40F400E0EA8F /* LoginDataManager.swift in Sources */,
				B905D15527F1A4AC00164006 /* SaleRequest.swift in Sources */,
				B9FBD27427F5186400A4A895 /* DeleteUserResponse.swift in Sources */,
				B904904C27F37E48000B514C /* ItemInfoViewController.swift in Sources */,
				B9FBD26827F4F5C600A4A895 /* GetReviewRequest.swift in Sources */,
				B9FBD26E27F50F3B00A4A895 /* ReviewDetailViewController.swift in Sources */,
				B9FBD25C27F4C3FB00A4A895 /* AddCartDataManager.swift in Sources */,
				B9FBD26427F4F51200A4A895 /* SearchCollectionViewCell.swift in Sources */,
				B97AB79827F1819B00CF72E1 /* NewViewController.swift in Sources */,
				B9FBD27227F5185C00A4A895 /* DeleteUserRequest.swift in Sources */,
				B909DC6C27F041C600306CB1 /* ModifyResponse.swift in Sources */,
				B943507727E5E66F0079BE3D /* SceneDelegate.swift in Sources */,
				B9FBD26227F4E4DE00A4A895 /* SearchResponse.swift in Sources */,
				B909DC6027F03C8A00306CB1 /* CategoryViewController.swift in Sources */,
				B905D16127F1A51400164006 /* DetailResponse.swift in Sources */,
				B96E70FD27EF524F00E0EA8F /* UserResponse.swift in Sources */,
			);
			runOnlyForDeploymentPostprocessing = 0;
		};
		B943508327E5E6700079BE3D /* Sources */ = {
			isa = PBXSourcesBuildPhase;
			buildActionMask = 2147483647;
			files = (
				B943508C27E5E6700079BE3D /* RisingTestTests.swift in Sources */,
			);
			runOnlyForDeploymentPostprocessing = 0;
		};
		B943508D27E5E6700079BE3D /* Sources */ = {
			isa = PBXSourcesBuildPhase;
			buildActionMask = 2147483647;
			files = (
				B943509827E5E6700079BE3D /* RisingTestUITestsLaunchTests.swift in Sources */,
				B943509627E5E6700079BE3D /* RisingTestUITests.swift in Sources */,
			);
			runOnlyForDeploymentPostprocessing = 0;
		};
/* End PBXSourcesBuildPhase section */

/* Begin PBXTargetDependency section */
		B943508927E5E6700079BE3D /* PBXTargetDependency */ = {
			isa = PBXTargetDependency;
			target = B943507027E5E66F0079BE3D /* RisingTest */;
			targetProxy = B943508827E5E6700079BE3D /* PBXContainerItemProxy */;
		};
		B943509327E5E6700079BE3D /* PBXTargetDependency */ = {
			isa = PBXTargetDependency;
			target = B943507027E5E66F0079BE3D /* RisingTest */;
			targetProxy = B943509227E5E6700079BE3D /* PBXContainerItemProxy */;
		};
/* End PBXTargetDependency section */

/* Begin PBXVariantGroup section */
		B943507A27E5E66F0079BE3D /* Main.storyboard */ = {
			isa = PBXVariantGroup;
			children = (
				B943507B27E5E66F0079BE3D /* Base */,
			);
			name = Main.storyboard;
			sourceTree = "<group>";
		};
		B943507F27E5E6700079BE3D /* LaunchScreen.storyboard */ = {
			isa = PBXVariantGroup;
			children = (
				B943508027E5E6700079BE3D /* Base */,
			);
			name = LaunchScreen.storyboard;
			sourceTree = "<group>";
		};
/* End PBXVariantGroup section */

/* Begin XCBuildConfiguration section */
		B943509927E5E6700079BE3D /* Debug */ = {
			isa = XCBuildConfiguration;
			buildSettings = {
				ALWAYS_SEARCH_USER_PATHS = NO;
				CLANG_ANALYZER_NONNULL = YES;
				CLANG_ANALYZER_NUMBER_OBJECT_CONVERSION = YES_AGGRESSIVE;
				CLANG_CXX_LANGUAGE_STANDARD = "gnu++17";
				CLANG_CXX_LIBRARY = "libc++";
				CLANG_ENABLE_MODULES = YES;
				CLANG_ENABLE_OBJC_ARC = YES;
				CLANG_ENABLE_OBJC_WEAK = YES;
				CLANG_WARN_BLOCK_CAPTURE_AUTORELEASING = YES;
				CLANG_WARN_BOOL_CONVERSION = YES;
				CLANG_WARN_COMMA = YES;
				CLANG_WARN_CONSTANT_CONVERSION = YES;
				CLANG_WARN_DEPRECATED_OBJC_IMPLEMENTATIONS = YES;
				CLANG_WARN_DIRECT_OBJC_ISA_USAGE = YES_ERROR;
				CLANG_WARN_DOCUMENTATION_COMMENTS = YES;
				CLANG_WARN_EMPTY_BODY = YES;
				CLANG_WARN_ENUM_CONVERSION = YES;
				CLANG_WARN_INFINITE_RECURSION = YES;
				CLANG_WARN_INT_CONVERSION = YES;
				CLANG_WARN_NON_LITERAL_NULL_CONVERSION = YES;
				CLANG_WARN_OBJC_IMPLICIT_RETAIN_SELF = YES;
				CLANG_WARN_OBJC_LITERAL_CONVERSION = YES;
				CLANG_WARN_OBJC_ROOT_CLASS = YES_ERROR;
				CLANG_WARN_QUOTED_INCLUDE_IN_FRAMEWORK_HEADER = YES;
				CLANG_WARN_RANGE_LOOP_ANALYSIS = YES;
				CLANG_WARN_STRICT_PROTOTYPES = YES;
				CLANG_WARN_SUSPICIOUS_MOVE = YES;
				CLANG_WARN_UNGUARDED_AVAILABILITY = YES_AGGRESSIVE;
				CLANG_WARN_UNREACHABLE_CODE = YES;
				CLANG_WARN__DUPLICATE_METHOD_MATCH = YES;
				COPY_PHASE_STRIP = NO;
				DEBUG_INFORMATION_FORMAT = dwarf;
				ENABLE_STRICT_OBJC_MSGSEND = YES;
				ENABLE_TESTABILITY = YES;
				GCC_C_LANGUAGE_STANDARD = gnu11;
				GCC_DYNAMIC_NO_PIC = NO;
				GCC_NO_COMMON_BLOCKS = YES;
				GCC_OPTIMIZATION_LEVEL = 0;
				GCC_PREPROCESSOR_DEFINITIONS = (
					"DEBUG=1",
					"$(inherited)",
				);
				GCC_WARN_64_TO_32_BIT_CONVERSION = YES;
				GCC_WARN_ABOUT_RETURN_TYPE = YES_ERROR;
				GCC_WARN_UNDECLARED_SELECTOR = YES;
				GCC_WARN_UNINITIALIZED_AUTOS = YES_AGGRESSIVE;
				GCC_WARN_UNUSED_FUNCTION = YES;
				GCC_WARN_UNUSED_VARIABLE = YES;
				IPHONEOS_DEPLOYMENT_TARGET = 15.2;
				MTL_ENABLE_DEBUG_INFO = INCLUDE_SOURCE;
				MTL_FAST_MATH = YES;
				ONLY_ACTIVE_ARCH = YES;
				SDKROOT = iphoneos;
				SWIFT_ACTIVE_COMPILATION_CONDITIONS = DEBUG;
				SWIFT_OPTIMIZATION_LEVEL = "-Onone";
			};
			name = Debug;
		};
		B943509A27E5E6700079BE3D /* Release */ = {
			isa = XCBuildConfiguration;
			buildSettings = {
				ALWAYS_SEARCH_USER_PATHS = NO;
				CLANG_ANALYZER_NONNULL = YES;
				CLANG_ANALYZER_NUMBER_OBJECT_CONVERSION = YES_AGGRESSIVE;
				CLANG_CXX_LANGUAGE_STANDARD = "gnu++17";
				CLANG_CXX_LIBRARY = "libc++";
				CLANG_ENABLE_MODULES = YES;
				CLANG_ENABLE_OBJC_ARC = YES;
				CLANG_ENABLE_OBJC_WEAK = YES;
				CLANG_WARN_BLOCK_CAPTURE_AUTORELEASING = YES;
				CLANG_WARN_BOOL_CONVERSION = YES;
				CLANG_WARN_COMMA = YES;
				CLANG_WARN_CONSTANT_CONVERSION = YES;
				CLANG_WARN_DEPRECATED_OBJC_IMPLEMENTATIONS = YES;
				CLANG_WARN_DIRECT_OBJC_ISA_USAGE = YES_ERROR;
				CLANG_WARN_DOCUMENTATION_COMMENTS = YES;
				CLANG_WARN_EMPTY_BODY = YES;
				CLANG_WARN_ENUM_CONVERSION = YES;
				CLANG_WARN_INFINITE_RECURSION = YES;
				CLANG_WARN_INT_CONVERSION = YES;
				CLANG_WARN_NON_LITERAL_NULL_CONVERSION = YES;
				CLANG_WARN_OBJC_IMPLICIT_RETAIN_SELF = YES;
				CLANG_WARN_OBJC_LITERAL_CONVERSION = YES;
				CLANG_WARN_OBJC_ROOT_CLASS = YES_ERROR;
				CLANG_WARN_QUOTED_INCLUDE_IN_FRAMEWORK_HEADER = YES;
				CLANG_WARN_RANGE_LOOP_ANALYSIS = YES;
				CLANG_WARN_STRICT_PROTOTYPES = YES;
				CLANG_WARN_SUSPICIOUS_MOVE = YES;
				CLANG_WARN_UNGUARDED_AVAILABILITY = YES_AGGRESSIVE;
				CLANG_WARN_UNREACHABLE_CODE = YES;
				CLANG_WARN__DUPLICATE_METHOD_MATCH = YES;
				COPY_PHASE_STRIP = NO;
				DEBUG_INFORMATION_FORMAT = "dwarf-with-dsym";
				ENABLE_NS_ASSERTIONS = NO;
				ENABLE_STRICT_OBJC_MSGSEND = YES;
				GCC_C_LANGUAGE_STANDARD = gnu11;
				GCC_NO_COMMON_BLOCKS = YES;
				GCC_WARN_64_TO_32_BIT_CONVERSION = YES;
				GCC_WARN_ABOUT_RETURN_TYPE = YES_ERROR;
				GCC_WARN_UNDECLARED_SELECTOR = YES;
				GCC_WARN_UNINITIALIZED_AUTOS = YES_AGGRESSIVE;
				GCC_WARN_UNUSED_FUNCTION = YES;
				GCC_WARN_UNUSED_VARIABLE = YES;
				IPHONEOS_DEPLOYMENT_TARGET = 15.2;
				MTL_ENABLE_DEBUG_INFO = NO;
				MTL_FAST_MATH = YES;
				SDKROOT = iphoneos;
				SWIFT_COMPILATION_MODE = wholemodule;
				SWIFT_OPTIMIZATION_LEVEL = "-O";
				VALIDATE_PRODUCT = YES;
			};
			name = Release;
		};
		B943509C27E5E6700079BE3D /* Debug */ = {
			isa = XCBuildConfiguration;
			baseConfigurationReference = 5B35DEE7620A0CE49A38324F /* Pods-RisingTest.debug.xcconfig */;
			buildSettings = {
				ASSETCATALOG_COMPILER_APPICON_NAME = AppIcon;
				ASSETCATALOG_COMPILER_GLOBAL_ACCENT_COLOR_NAME = AccentColor;
				CODE_SIGN_STYLE = Automatic;
				CURRENT_PROJECT_VERSION = 1;
				DEVELOPMENT_TEAM = 3DUH3GH4Z4;
				GENERATE_INFOPLIST_FILE = YES;
				INFOPLIST_FILE = RisingTest/Info.plist;
				INFOPLIST_KEY_UIApplicationSupportsIndirectInputEvents = YES;
				INFOPLIST_KEY_UILaunchStoryboardName = LaunchScreen;
				INFOPLIST_KEY_UIMainStoryboardFile = Main;
				INFOPLIST_KEY_UISupportedInterfaceOrientations_iPad = "UIInterfaceOrientationPortrait UIInterfaceOrientationPortraitUpsideDown UIInterfaceOrientationLandscapeLeft UIInterfaceOrientationLandscapeRight";
				INFOPLIST_KEY_UISupportedInterfaceOrientations_iPhone = "UIInterfaceOrientationPortrait UIInterfaceOrientationLandscapeLeft UIInterfaceOrientationLandscapeRight";
				LD_RUNPATH_SEARCH_PATHS = (
					"$(inherited)",
					"@executable_path/Frameworks",
				);
				MARKETING_VERSION = 1.0;
				PRODUCT_BUNDLE_IDENTIFIER = com.mantae.RisingTest;
				PRODUCT_NAME = "$(TARGET_NAME)";
				SWIFT_EMIT_LOC_STRINGS = YES;
				SWIFT_VERSION = 5.0;
				TARGETED_DEVICE_FAMILY = "1,2";
			};
			name = Debug;
		};
		B943509D27E5E6700079BE3D /* Release */ = {
			isa = XCBuildConfiguration;
			baseConfigurationReference = 63DD58FEA3BEE80DE6B8F282 /* Pods-RisingTest.release.xcconfig */;
			buildSettings = {
				ASSETCATALOG_COMPILER_APPICON_NAME = AppIcon;
				ASSETCATALOG_COMPILER_GLOBAL_ACCENT_COLOR_NAME = AccentColor;
				CODE_SIGN_STYLE = Automatic;
				CURRENT_PROJECT_VERSION = 1;
				DEVELOPMENT_TEAM = 3DUH3GH4Z4;
				GENERATE_INFOPLIST_FILE = YES;
				INFOPLIST_FILE = RisingTest/Info.plist;
				INFOPLIST_KEY_UIApplicationSupportsIndirectInputEvents = YES;
				INFOPLIST_KEY_UILaunchStoryboardName = LaunchScreen;
				INFOPLIST_KEY_UIMainStoryboardFile = Main;
				INFOPLIST_KEY_UISupportedInterfaceOrientations_iPad = "UIInterfaceOrientationPortrait UIInterfaceOrientationPortraitUpsideDown UIInterfaceOrientationLandscapeLeft UIInterfaceOrientationLandscapeRight";
				INFOPLIST_KEY_UISupportedInterfaceOrientations_iPhone = "UIInterfaceOrientationPortrait UIInterfaceOrientationLandscapeLeft UIInterfaceOrientationLandscapeRight";
				LD_RUNPATH_SEARCH_PATHS = (
					"$(inherited)",
					"@executable_path/Frameworks",
				);
				MARKETING_VERSION = 1.0;
				PRODUCT_BUNDLE_IDENTIFIER = com.mantae.RisingTest;
				PRODUCT_NAME = "$(TARGET_NAME)";
				SWIFT_EMIT_LOC_STRINGS = YES;
				SWIFT_VERSION = 5.0;
				TARGETED_DEVICE_FAMILY = "1,2";
			};
			name = Release;
		};
		B943509F27E5E6700079BE3D /* Debug */ = {
			isa = XCBuildConfiguration;
			baseConfigurationReference = 6BF391380A1B5CD6C5337108 /* Pods-RisingTestTests.debug.xcconfig */;
			buildSettings = {
				ALWAYS_EMBED_SWIFT_STANDARD_LIBRARIES = YES;
				BUNDLE_LOADER = "$(TEST_HOST)";
				CODE_SIGN_STYLE = Automatic;
				CURRENT_PROJECT_VERSION = 1;
				DEVELOPMENT_TEAM = 3DUH3GH4Z4;
				GENERATE_INFOPLIST_FILE = YES;
				IPHONEOS_DEPLOYMENT_TARGET = 15.2;
				MARKETING_VERSION = 1.0;
				PRODUCT_BUNDLE_IDENTIFIER = com.mantae.RisingTestTests;
				PRODUCT_NAME = "$(TARGET_NAME)";
				SWIFT_EMIT_LOC_STRINGS = NO;
				SWIFT_VERSION = 5.0;
				TARGETED_DEVICE_FAMILY = "1,2";
				TEST_HOST = "$(BUILT_PRODUCTS_DIR)/RisingTest.app/RisingTest";
			};
			name = Debug;
		};
		B94350A027E5E6700079BE3D /* Release */ = {
			isa = XCBuildConfiguration;
			baseConfigurationReference = 6D347E67BCC290F7D245CE31 /* Pods-RisingTestTests.release.xcconfig */;
			buildSettings = {
				ALWAYS_EMBED_SWIFT_STANDARD_LIBRARIES = YES;
				BUNDLE_LOADER = "$(TEST_HOST)";
				CODE_SIGN_STYLE = Automatic;
				CURRENT_PROJECT_VERSION = 1;
				DEVELOPMENT_TEAM = 3DUH3GH4Z4;
				GENERATE_INFOPLIST_FILE = YES;
				IPHONEOS_DEPLOYMENT_TARGET = 15.2;
				MARKETING_VERSION = 1.0;
				PRODUCT_BUNDLE_IDENTIFIER = com.mantae.RisingTestTests;
				PRODUCT_NAME = "$(TARGET_NAME)";
				SWIFT_EMIT_LOC_STRINGS = NO;
				SWIFT_VERSION = 5.0;
				TARGETED_DEVICE_FAMILY = "1,2";
				TEST_HOST = "$(BUILT_PRODUCTS_DIR)/RisingTest.app/RisingTest";
			};
			name = Release;
		};
		B94350A227E5E6700079BE3D /* Debug */ = {
			isa = XCBuildConfiguration;
			baseConfigurationReference = F0ABF0524A5710B3E44AD604 /* Pods-RisingTest-RisingTestUITests.debug.xcconfig */;
			buildSettings = {
				ALWAYS_EMBED_SWIFT_STANDARD_LIBRARIES = YES;
				CODE_SIGN_STYLE = Automatic;
				CURRENT_PROJECT_VERSION = 1;
				DEVELOPMENT_TEAM = 3DUH3GH4Z4;
				GENERATE_INFOPLIST_FILE = YES;
				MARKETING_VERSION = 1.0;
				PRODUCT_BUNDLE_IDENTIFIER = com.mantae.RisingTestUITests;
				PRODUCT_NAME = "$(TARGET_NAME)";
				SWIFT_EMIT_LOC_STRINGS = NO;
				SWIFT_VERSION = 5.0;
				TARGETED_DEVICE_FAMILY = "1,2";
				TEST_TARGET_NAME = RisingTest;
			};
			name = Debug;
		};
		B94350A327E5E6700079BE3D /* Release */ = {
			isa = XCBuildConfiguration;
			baseConfigurationReference = CFFDBD07CDF36946960C4888 /* Pods-RisingTest-RisingTestUITests.release.xcconfig */;
			buildSettings = {
				ALWAYS_EMBED_SWIFT_STANDARD_LIBRARIES = YES;
				CODE_SIGN_STYLE = Automatic;
				CURRENT_PROJECT_VERSION = 1;
				DEVELOPMENT_TEAM = 3DUH3GH4Z4;
				GENERATE_INFOPLIST_FILE = YES;
				MARKETING_VERSION = 1.0;
				PRODUCT_BUNDLE_IDENTIFIER = com.mantae.RisingTestUITests;
				PRODUCT_NAME = "$(TARGET_NAME)";
				SWIFT_EMIT_LOC_STRINGS = NO;
				SWIFT_VERSION = 5.0;
				TARGETED_DEVICE_FAMILY = "1,2";
				TEST_TARGET_NAME = RisingTest;
			};
			name = Release;
		};
/* End XCBuildConfiguration section */

/* Begin XCConfigurationList section */
		B943506C27E5E66F0079BE3D /* Build configuration list for PBXProject "RisingTest" */ = {
			isa = XCConfigurationList;
			buildConfigurations = (
				B943509927E5E6700079BE3D /* Debug */,
				B943509A27E5E6700079BE3D /* Release */,
			);
			defaultConfigurationIsVisible = 0;
			defaultConfigurationName = Release;
		};
		B943509B27E5E6700079BE3D /* Build configuration list for PBXNativeTarget "RisingTest" */ = {
			isa = XCConfigurationList;
			buildConfigurations = (
				B943509C27E5E6700079BE3D /* Debug */,
				B943509D27E5E6700079BE3D /* Release */,
			);
			defaultConfigurationIsVisible = 0;
			defaultConfigurationName = Release;
		};
		B943509E27E5E6700079BE3D /* Build configuration list for PBXNativeTarget "RisingTestTests" */ = {
			isa = XCConfigurationList;
			buildConfigurations = (
				B943509F27E5E6700079BE3D /* Debug */,
				B94350A027E5E6700079BE3D /* Release */,
			);
			defaultConfigurationIsVisible = 0;
			defaultConfigurationName = Release;
		};
		B94350A127E5E6700079BE3D /* Build configuration list for PBXNativeTarget "RisingTestUITests" */ = {
			isa = XCConfigurationList;
			buildConfigurations = (
				B94350A227E5E6700079BE3D /* Debug */,
				B94350A327E5E6700079BE3D /* Release */,
			);
			defaultConfigurationIsVisible = 0;
			defaultConfigurationName = Release;
		};
/* End XCConfigurationList section */

/* Begin XCRemoteSwiftPackageReference section */
		B99F815527EDA3B1002EC5E5 /* XCRemoteSwiftPackageReference "Alamofire" */ = {
			isa = XCRemoteSwiftPackageReference;
			repositoryURL = "https://github.com/Alamofire/Alamofire.git";
			requirement = {
				kind = upToNextMajorVersion;
				minimumVersion = 5.0.0;
			};
		};
/* End XCRemoteSwiftPackageReference section */

/* Begin XCSwiftPackageProductDependency section */
		B99F815627EDA3B1002EC5E5 /* Alamofire */ = {
			isa = XCSwiftPackageProductDependency;
			package = B99F815527EDA3B1002EC5E5 /* XCRemoteSwiftPackageReference "Alamofire" */;
			productName = Alamofire;
		};
/* End XCSwiftPackageProductDependency section */
	};
	rootObject = B943506927E5E66F0079BE3D /* Project object */;
}
