// !$*UTF8*$!
{
	archiveVersion = 1;
	classes = {
	};
	objectVersion = 55;
	objects = {

/* Begin PBXBuildFile section */
		7C7F410878748622D56CA2C7 /* Pods_RisingTest_RisingTestUITests.framework in Frameworks */ = {isa = PBXBuildFile; fileRef = B69EA40B5F22C63CB31B8875 /* Pods_RisingTest_RisingTestUITests.framework */; };
		B943507527E5E66F0079BE3D /* AppDelegate.swift in Sources */ = {isa = PBXBuildFile; fileRef = B943507427E5E66F0079BE3D /* AppDelegate.swift */; };
		B943507727E5E66F0079BE3D /* SceneDelegate.swift in Sources */ = {isa = PBXBuildFile; fileRef = B943507627E5E66F0079BE3D /* SceneDelegate.swift */; };
		B943507927E5E66F0079BE3D /* ViewController.swift in Sources */ = {isa = PBXBuildFile; fileRef = B943507827E5E66F0079BE3D /* ViewController.swift */; };
		B943507C27E5E66F0079BE3D /* Main.storyboard in Resources */ = {isa = PBXBuildFile; fileRef = B943507A27E5E66F0079BE3D /* Main.storyboard */; };
		B943507E27E5E6700079BE3D /* Assets.xcassets in Resources */ = {isa = PBXBuildFile; fileRef = B943507D27E5E6700079BE3D /* Assets.xcassets */; };
		B943508127E5E6700079BE3D /* LaunchScreen.storyboard in Resources */ = {isa = PBXBuildFile; fileRef = B943507F27E5E6700079BE3D /* LaunchScreen.storyboard */; };
		B943508C27E5E6700079BE3D /* RisingTestTests.swift in Sources */ = {isa = PBXBuildFile; fileRef = B943508B27E5E6700079BE3D /* RisingTestTests.swift */; };
		B943509627E5E6700079BE3D /* RisingTestUITests.swift in Sources */ = {isa = PBXBuildFile; fileRef = B943509527E5E6700079BE3D /* RisingTestUITests.swift */; };
		B943509827E5E6700079BE3D /* RisingTestUITestsLaunchTests.swift in Sources */ = {isa = PBXBuildFile; fileRef = B943509727E5E6700079BE3D /* RisingTestUITestsLaunchTests.swift */; };
		B94350A527E5F1CF0079BE3D /* MenuCell.swift in Sources */ = {isa = PBXBuildFile; fileRef = B94350A427E5F1CF0079BE3D /* MenuCell.swift */; };
		B94350A727E5F1FF0079BE3D /* MenuCell.xib in Resources */ = {isa = PBXBuildFile; fileRef = B94350A627E5F1FF0079BE3D /* MenuCell.xib */; };
		B94350A927E5F3590079BE3D /* FocusView.xib in Resources */ = {isa = PBXBuildFile; fileRef = B94350A827E5F3590079BE3D /* FocusView.xib */; };
		B99F814027ED7C08002EC5E5 /* SignUpResponse.swift in Sources */ = {isa = PBXBuildFile; fileRef = B99F813F27ED7C08002EC5E5 /* SignUpResponse.swift */; };
		B99F814227ED7C17002EC5E5 /* SignUpRequest.swift in Sources */ = {isa = PBXBuildFile; fileRef = B99F814127ED7C17002EC5E5 /* SignUpRequest.swift */; };
		B99F814527ED93B4002EC5E5 /* LogInRequest.swift in Sources */ = {isa = PBXBuildFile; fileRef = B99F814427ED93B4002EC5E5 /* LogInRequest.swift */; };
		B99F814727ED93C1002EC5E5 /* LogInResponse.swift in Sources */ = {isa = PBXBuildFile; fileRef = B99F814627ED93C1002EC5E5 /* LogInResponse.swift */; };
		B99F814C27ED9B1F002EC5E5 /* String.swift in Sources */ = {isa = PBXBuildFile; fileRef = B99F814B27ED9B1F002EC5E5 /* String.swift */; };
		B99F814E27ED9B88002EC5E5 /* UIViewController.swift in Sources */ = {isa = PBXBuildFile; fileRef = B99F814D27ED9B88002EC5E5 /* UIViewController.swift */; };
		B99F815027ED9EB6002EC5E5 /* IndicatorView.swift in Sources */ = {isa = PBXBuildFile; fileRef = B99F814F27ED9EB6002EC5E5 /* IndicatorView.swift */; };
		B99F815227ED9EF3002EC5E5 /* UIColor.swift in Sources */ = {isa = PBXBuildFile; fileRef = B99F815127ED9EF3002EC5E5 /* UIColor.swift */; };
		B99F815427EDA2BA002EC5E5 /* SignUpDataManager.swift in Sources */ = {isa = PBXBuildFile; fileRef = B99F815327EDA2BA002EC5E5 /* SignUpDataManager.swift */; };
		B99F815727EDA3B1002EC5E5 /* Alamofire in Frameworks */ = {isa = PBXBuildFile; productRef = B99F815627EDA3B1002EC5E5 /* Alamofire */; };
		B9CE018727E88A9A00D9671A /* LoginViewController.swift in Sources */ = {isa = PBXBuildFile; fileRef = B9CE018627E88A9A00D9671A /* LoginViewController.swift */; };
		B9CE018927E88AA300D9671A /* SignUpViewController.swift in Sources */ = {isa = PBXBuildFile; fileRef = B9CE018827E88AA300D9671A /* SignUpViewController.swift */; };
		B9CE018B27E88AB100D9671A /* MyPageViewController.swift in Sources */ = {isa = PBXBuildFile; fileRef = B9CE018A27E88AB100D9671A /* MyPageViewController.swift */; };
		D5F9F4C9937B75E6E3E00170 /* Pods_RisingTest.framework in Frameworks */ = {isa = PBXBuildFile; fileRef = EC40CB844C26CE59EDF5500C /* Pods_RisingTest.framework */; };
		DFF21846EC52881004F8F650 /* Pods_RisingTestTests.framework in Frameworks */ = {isa = PBXBuildFile; fileRef = F7FD459FB72E9ABACB27413D /* Pods_RisingTestTests.framework */; };
/* End PBXBuildFile section */

/* Begin PBXContainerItemProxy section */
		B943508827E5E6700079BE3D /* PBXContainerItemProxy */ = {
			isa = PBXContainerItemProxy;
			containerPortal = B943506927E5E66F0079BE3D /* Project object */;
			proxyType = 1;
			remoteGlobalIDString = B943507027E5E66F0079BE3D;
			remoteInfo = RisingTest;
		};
		B943509227E5E6700079BE3D /* PBXContainerItemProxy */ = {
			isa = PBXContainerItemProxy;
			containerPortal = B943506927E5E66F0079BE3D /* Project object */;
			proxyType = 1;
			remoteGlobalIDString = B943507027E5E66F0079BE3D;
			remoteInfo = RisingTest;
		};
/* End PBXContainerItemProxy section */

/* Begin PBXFileReference section */
		5B35DEE7620A0CE49A38324F /* Pods-RisingTest.debug.xcconfig */ = {isa = PBXFileReference; includeInIndex = 1; lastKnownFileType = text.xcconfig; name = "Pods-RisingTest.debug.xcconfig"; path = "Target Support Files/Pods-RisingTest/Pods-RisingTest.debug.xcconfig"; sourceTree = "<group>"; };
		63DD58FEA3BEE80DE6B8F282 /* Pods-RisingTest.release.xcconfig */ = {isa = PBXFileReference; includeInIndex = 1; lastKnownFileType = text.xcconfig; name = "Pods-RisingTest.release.xcconfig"; path = "Target Support Files/Pods-RisingTest/Pods-RisingTest.release.xcconfig"; sourceTree = "<group>"; };
		6BF391380A1B5CD6C5337108 /* Pods-RisingTestTests.debug.xcconfig */ = {isa = PBXFileReference; includeInIndex = 1; lastKnownFileType = text.xcconfig; name = "Pods-RisingTestTests.debug.xcconfig"; path = "Target Support Files/Pods-RisingTestTests/Pods-RisingTestTests.debug.xcconfig"; sourceTree = "<group>"; };
		6D347E67BCC290F7D245CE31 /* Pods-RisingTestTests.release.xcconfig */ = {isa = PBXFileReference; includeInIndex = 1; lastKnownFileType = text.xcconfig; name = "Pods-RisingTestTests.release.xcconfig"; path = "Target Support Files/Pods-RisingTestTests/Pods-RisingTestTests.release.xcconfig"; sourceTree = "<group>"; };
		B69EA40B5F22C63CB31B8875 /* Pods_RisingTest_RisingTestUITests.framework */ = {isa = PBXFileReference; explicitFileType = wrapper.framework; includeInIndex = 0; path = Pods_RisingTest_RisingTestUITests.framework; sourceTree = BUILT_PRODUCTS_DIR; };
		B943507127E5E66F0079BE3D /* RisingTest.app */ = {isa = PBXFileReference; explicitFileType = wrapper.application; includeInIndex = 0; path = RisingTest.app; sourceTree = BUILT_PRODUCTS_DIR; };
		B943507427E5E66F0079BE3D /* AppDelegate.swift */ = {isa = PBXFileReference; lastKnownFileType = sourcecode.swift; path = AppDelegate.swift; sourceTree = "<group>"; };
		B943507627E5E66F0079BE3D /* SceneDelegate.swift */ = {isa = PBXFileReference; lastKnownFileType = sourcecode.swift; path = SceneDelegate.swift; sourceTree = "<group>"; };
		B943507827E5E66F0079BE3D /* ViewController.swift */ = {isa = PBXFileReference; lastKnownFileType = sourcecode.swift; path = ViewController.swift; sourceTree = "<group>"; };
		B943507B27E5E66F0079BE3D /* Base */ = {isa = PBXFileReference; lastKnownFileType = file.storyboard; name = Base; path = Base.lproj/Main.storyboard; sourceTree = "<group>"; };
		B943507D27E5E6700079BE3D /* Assets.xcassets */ = {isa = PBXFileReference; lastKnownFileType = folder.assetcatalog; path = Assets.xcassets; sourceTree = "<group>"; };
		B943508027E5E6700079BE3D /* Base */ = {isa = PBXFileReference; lastKnownFileType = file.storyboard; name = Base; path = Base.lproj/LaunchScreen.storyboard; sourceTree = "<group>"; };
		B943508227E5E6700079BE3D /* Info.plist */ = {isa = PBXFileReference; lastKnownFileType = text.plist.xml; path = Info.plist; sourceTree = "<group>"; };
		B943508727E5E6700079BE3D /* RisingTestTests.xctest */ = {isa = PBXFileReference; explicitFileType = wrapper.cfbundle; includeInIndex = 0; path = RisingTestTests.xctest; sourceTree = BUILT_PRODUCTS_DIR; };
		B943508B27E5E6700079BE3D /* RisingTestTests.swift */ = {isa = PBXFileReference; lastKnownFileType = sourcecode.swift; path = RisingTestTests.swift; sourceTree = "<group>"; };
		B943509127E5E6700079BE3D /* RisingTestUITests.xctest */ = {isa = PBXFileReference; explicitFileType = wrapper.cfbundle; includeInIndex = 0; path = RisingTestUITests.xctest; sourceTree = BUILT_PRODUCTS_DIR; };
		B943509527E5E6700079BE3D /* RisingTestUITests.swift */ = {isa = PBXFileReference; lastKnownFileType = sourcecode.swift; path = RisingTestUITests.swift; sourceTree = "<group>"; };
		B943509727E5E6700079BE3D /* RisingTestUITestsLaunchTests.swift */ = {isa = PBXFileReference; lastKnownFileType = sourcecode.swift; path = RisingTestUITestsLaunchTests.swift; sourceTree = "<group>"; };
		B94350A427E5F1CF0079BE3D /* MenuCell.swift */ = {isa = PBXFileReference; lastKnownFileType = sourcecode.swift; path = MenuCell.swift; sourceTree = "<group>"; };
		B94350A627E5F1FF0079BE3D /* MenuCell.xib */ = {isa = PBXFileReference; lastKnownFileType = file.xib; path = MenuCell.xib; sourceTree = "<group>"; };
		B94350A827E5F3590079BE3D /* FocusView.xib */ = {isa = PBXFileReference; lastKnownFileType = file.xib; path = FocusView.xib; sourceTree = "<group>"; };
		B99F813F27ED7C08002EC5E5 /* SignUpResponse.swift */ = {isa = PBXFileReference; lastKnownFileType = sourcecode.swift; path = SignUpResponse.swift; sourceTree = "<group>"; };
		B99F814127ED7C17002EC5E5 /* SignUpRequest.swift */ = {isa = PBXFileReference; lastKnownFileType = sourcecode.swift; path = SignUpRequest.swift; sourceTree = "<group>"; };
		B99F814427ED93B4002EC5E5 /* LogInRequest.swift */ = {isa = PBXFileReference; lastKnownFileType = sourcecode.swift; path = LogInRequest.swift; sourceTree = "<group>"; };
		B99F814627ED93C1002EC5E5 /* LogInResponse.swift */ = {isa = PBXFileReference; lastKnownFileType = sourcecode.swift; path = LogInResponse.swift; sourceTree = "<group>"; };
		B99F814B27ED9B1F002EC5E5 /* String.swift */ = {isa = PBXFileReference; lastKnownFileType = sourcecode.swift; path = String.swift; sourceTree = "<group>"; };
		B99F814D27ED9B88002EC5E5 /* UIViewController.swift */ = {isa = PBXFileReference; lastKnownFileType = sourcecode.swift; path = UIViewController.swift; sourceTree = "<group>"; };
		B99F814F27ED9EB6002EC5E5 /* IndicatorView.swift */ = {isa = PBXFileReference; lastKnownFileType = sourcecode.swift; path = IndicatorView.swift; sourceTree = "<group>"; };
		B99F815127ED9EF3002EC5E5 /* UIColor.swift */ = {isa = PBXFileReference; lastKnownFileType = sourcecode.swift; path = UIColor.swift; sourceTree = "<group>"; };
		B99F815327EDA2BA002EC5E5 /* SignUpDataManager.swift */ = {isa = PBXFileReference; lastKnownFileType = sourcecode.swift; path = SignUpDataManager.swift; sourceTree = "<group>"; };
		B9CE018627E88A9A00D9671A /* LoginViewController.swift */ = {isa = PBXFileReference; lastKnownFileType = sourcecode.swift; path = LoginViewController.swift; sourceTree = "<group>"; };
		B9CE018827E88AA300D9671A /* SignUpViewController.swift */ = {isa = PBXFileReference; lastKnownFileType = sourcecode.swift; path = SignUpViewController.swift; sourceTree = "<group>"; };
		B9CE018A27E88AB100D9671A /* MyPageViewController.swift */ = {isa = PBXFileReference; lastKnownFileType = sourcecode.swift; path = MyPageViewController.swift; sourceTree = "<group>"; };
		CFFDBD07CDF36946960C4888 /* Pods-RisingTest-RisingTestUITests.release.xcconfig */ = {isa = PBXFileReference; includeInIndex = 1; lastKnownFileType = text.xcconfig; name = "Pods-RisingTest-RisingTestUITests.release.xcconfig"; path = "Target Support Files/Pods-RisingTest-RisingTestUITests/Pods-RisingTest-RisingTestUITests.release.xcconfig"; sourceTree = "<group>"; };
		EC40CB844C26CE59EDF5500C /* Pods_RisingTest.framework */ = {isa = PBXFileReference; explicitFileType = wrapper.framework; includeInIndex = 0; path = Pods_RisingTest.framework; sourceTree = BUILT_PRODUCTS_DIR; };
		F0ABF0524A5710B3E44AD604 /* Pods-RisingTest-RisingTestUITests.debug.xcconfig */ = {isa = PBXFileReference; includeInIndex = 1; lastKnownFileType = text.xcconfig; name = "Pods-RisingTest-RisingTestUITests.debug.xcconfig"; path = "Target Support Files/Pods-RisingTest-RisingTestUITests/Pods-RisingTest-RisingTestUITests.debug.xcconfig"; sourceTree = "<group>"; };
		F7FD459FB72E9ABACB27413D /* Pods_RisingTestTests.framework */ = {isa = PBXFileReference; explicitFileType = wrapper.framework; includeInIndex = 0; path = Pods_RisingTestTests.framework; sourceTree = BUILT_PRODUCTS_DIR; };
/* End PBXFileReference section */

/* Begin PBXFrameworksBuildPhase section */
		B943506E27E5E66F0079BE3D /* Frameworks */ = {
			isa = PBXFrameworksBuildPhase;
			buildActionMask = 2147483647;
			files = (
				D5F9F4C9937B75E6E3E00170 /* Pods_RisingTest.framework in Frameworks */,
				B99F815727EDA3B1002EC5E5 /* Alamofire in Frameworks */,
			);
			runOnlyForDeploymentPostprocessing = 0;
		};
		B943508427E5E6700079BE3D /* Frameworks */ = {
			isa = PBXFrameworksBuildPhase;
			buildActionMask = 2147483647;
			files = (
				DFF21846EC52881004F8F650 /* Pods_RisingTestTests.framework in Frameworks */,
			);
			runOnlyForDeploymentPostprocessing = 0;
		};
		B943508E27E5E6700079BE3D /* Frameworks */ = {
			isa = PBXFrameworksBuildPhase;
			buildActionMask = 2147483647;
			files = (
				7C7F410878748622D56CA2C7 /* Pods_RisingTest_RisingTestUITests.framework in Frameworks */,
			);
			runOnlyForDeploymentPostprocessing = 0;
		};
/* End PBXFrameworksBuildPhase section */

/* Begin PBXGroup section */
		94E78469477D47EEF4C28C70 /* Pods */ = {
			isa = PBXGroup;
			children = (
				5B35DEE7620A0CE49A38324F /* Pods-RisingTest.debug.xcconfig */,
				63DD58FEA3BEE80DE6B8F282 /* Pods-RisingTest.release.xcconfig */,
				F0ABF0524A5710B3E44AD604 /* Pods-RisingTest-RisingTestUITests.debug.xcconfig */,
				CFFDBD07CDF36946960C4888 /* Pods-RisingTest-RisingTestUITests.release.xcconfig */,
				6BF391380A1B5CD6C5337108 /* Pods-RisingTestTests.debug.xcconfig */,
				6D347E67BCC290F7D245CE31 /* Pods-RisingTestTests.release.xcconfig */,
			);
			path = Pods;
			sourceTree = "<group>";
		};
		B943506827E5E66F0079BE3D = {
			isa = PBXGroup;
			children = (
				B943507327E5E66F0079BE3D /* RisingTest */,
				B943508A27E5E6700079BE3D /* RisingTestTests */,
				B943509427E5E6700079BE3D /* RisingTestUITests */,
				B943507227E5E66F0079BE3D /* Products */,
				94E78469477D47EEF4C28C70 /* Pods */,
				C033448779013229D586F080 /* Frameworks */,
			);
			sourceTree = "<group>";
		};
		B943507227E5E66F0079BE3D /* Products */ = {
			isa = PBXGroup;
			children = (
				B943507127E5E66F0079BE3D /* RisingTest.app */,
				B943508727E5E6700079BE3D /* RisingTestTests.xctest */,
				B943509127E5E6700079BE3D /* RisingTestUITests.xctest */,
			);
			name = Products;
			sourceTree = "<group>";
		};
		B943507327E5E66F0079BE3D /* RisingTest */ = {
			isa = PBXGroup;
			children = (
				B99F814927ED9B06002EC5E5 /* Util */,
				B99F813C27ED7BEB002EC5E5 /* Network */,
				B943507427E5E66F0079BE3D /* AppDelegate.swift */,
				B943507627E5E66F0079BE3D /* SceneDelegate.swift */,
				B943507827E5E66F0079BE3D /* ViewController.swift */,
				B9CE018A27E88AB100D9671A /* MyPageViewController.swift */,
				B9CE018627E88A9A00D9671A /* LoginViewController.swift */,
				B94350A827E5F3590079BE3D /* FocusView.xib */,
				B943507A27E5E66F0079BE3D /* Main.storyboard */,
				B94350A427E5F1CF0079BE3D /* MenuCell.swift */,
				B94350A627E5F1FF0079BE3D /* MenuCell.xib */,
				B943507D27E5E6700079BE3D /* Assets.xcassets */,
				B943507F27E5E6700079BE3D /* LaunchScreen.storyboard */,
				B943508227E5E6700079BE3D /* Info.plist */,
			);
			path = RisingTest;
			sourceTree = "<group>";
		};
		B943508A27E5E6700079BE3D /* RisingTestTests */ = {
			isa = PBXGroup;
			children = (
				B943508B27E5E6700079BE3D /* RisingTestTests.swift */,
			);
			path = RisingTestTests;
			sourceTree = "<group>";
		};
		B943509427E5E6700079BE3D /* RisingTestUITests */ = {
			isa = PBXGroup;
			children = (
				B943509527E5E6700079BE3D /* RisingTestUITests.swift */,
				B943509727E5E6700079BE3D /* RisingTestUITestsLaunchTests.swift */,
			);
			path = RisingTestUITests;
			sourceTree = "<group>";
		};
		B99F813C27ED7BEB002EC5E5 /* Network */ = {
			isa = PBXGroup;
			children = (
				B99F813D27ED7BF3002EC5E5 /* SignUp */,
				B99F814327ED939B002EC5E5 /* LogIn */,
			);
			path = Network;
			sourceTree = "<group>";
		};
		B99F813D27ED7BF3002EC5E5 /* SignUp */ = {
			isa = PBXGroup;
			children = (
				B9CE018827E88AA300D9671A /* SignUpViewController.swift */,
				B99F815327EDA2BA002EC5E5 /* SignUpDataManager.swift */,
				B99F813E27ED7BF9002EC5E5 /* Entity */,
			);
			path = SignUp;
			sourceTree = "<group>";
		};
		B99F813E27ED7BF9002EC5E5 /* Entity */ = {
			isa = PBXGroup;
			children = (
				B99F814127ED7C17002EC5E5 /* SignUpRequest.swift */,
				B99F813F27ED7C08002EC5E5 /* SignUpResponse.swift */,
			);
			path = Entity;
			sourceTree = "<group>";
		};
		B99F814327ED939B002EC5E5 /* LogIn */ = {
			isa = PBXGroup;
			children = (
				B99F814827ED93C8002EC5E5 /* Entity */,
			);
			path = LogIn;
			sourceTree = "<group>";
		};
		B99F814827ED93C8002EC5E5 /* Entity */ = {
			isa = PBXGroup;
			children = (
				B99F814427ED93B4002EC5E5 /* LogInRequest.swift */,
				B99F814627ED93C1002EC5E5 /* LogInResponse.swift */,
			);
			name = Entity;
			sourceTree = "<group>";
		};
		B99F814927ED9B06002EC5E5 /* Util */ = {
			isa = PBXGroup;
			children = (
				B99F814F27ED9EB6002EC5E5 /* IndicatorView.swift */,
				B99F814A27ED9B16002EC5E5 /* Extension */,
			);
			path = Util;
			sourceTree = "<group>";
		};
		B99F814A27ED9B16002EC5E5 /* Extension */ = {
			isa = PBXGroup;
			children = (
				B99F814B27ED9B1F002EC5E5 /* String.swift */,
				B99F814D27ED9B88002EC5E5 /* UIViewController.swift */,
				B99F815127ED9EF3002EC5E5 /* UIColor.swift */,
			);
			path = Extension;
			sourceTree = "<group>";
		};
		C033448779013229D586F080 /* Frameworks */ = {
			isa = PBXGroup;
			children = (
				EC40CB844C26CE59EDF5500C /* Pods_RisingTest.framework */,
				B69EA40B5F22C63CB31B8875 /* Pods_RisingTest_RisingTestUITests.framework */,
				F7FD459FB72E9ABACB27413D /* Pods_RisingTestTests.framework */,
			);
			name = Frameworks;
			sourceTree = "<group>";
		};
/* End PBXGroup section */

/* Begin PBXNativeTarget section */
		B943507027E5E66F0079BE3D /* RisingTest */ = {
			isa = PBXNativeTarget;
			buildConfigurationList = B943509B27E5E6700079BE3D /* Build configuration list for PBXNativeTarget "RisingTest" */;
			buildPhases = (
				ACBA2BD30B64DFCEF1C32727 /* [CP] Check Pods Manifest.lock */,
				B943506D27E5E66F0079BE3D /* Sources */,
				B943506E27E5E66F0079BE3D /* Frameworks */,
				B943506F27E5E66F0079BE3D /* Resources */,
				98BDE00EEA52587A4D3CC2C9 /* [CP] Embed Pods Frameworks */,
			);
			buildRules = (
			);
			dependencies = (
			);
			name = RisingTest;
			packageProductDependencies = (
				B99F815627EDA3B1002EC5E5 /* Alamofire */,
			);
			productName = RisingTest;
			productReference = B943507127E5E66F0079BE3D /* RisingTest.app */;
			productType = "com.apple.product-type.application";
		};
		B943508627E5E6700079BE3D /* RisingTestTests */ = {
			isa = PBXNativeTarget;
			buildConfigurationList = B943509E27E5E6700079BE3D /* Build configuration list for PBXNativeTarget "RisingTestTests" */;
			buildPhases = (
				E1E67BD09F12E1FA0FFFAD15 /* [CP] Check Pods Manifest.lock */,
				B943508327E5E6700079BE3D /* Sources */,
				B943508427E5E6700079BE3D /* Frameworks */,
				B943508527E5E6700079BE3D /* Resources */,
			);
			buildRules = (
			);
			dependencies = (
				B943508927E5E6700079BE3D /* PBXTargetDependency */,
			);
			name = RisingTestTests;
			productName = RisingTestTests;
			productReference = B943508727E5E6700079BE3D /* RisingTestTests.xctest */;
			productType = "com.apple.product-type.bundle.unit-test";
		};
		B943509027E5E6700079BE3D /* RisingTestUITests */ = {
			isa = PBXNativeTarget;
			buildConfigurationList = B94350A127E5E6700079BE3D /* Build configuration list for PBXNativeTarget "RisingTestUITests" */;
			buildPhases = (
				FC9517333EC1D5568222FC37 /* [CP] Check Pods Manifest.lock */,
				B943508D27E5E6700079BE3D /* Sources */,
				B943508E27E5E6700079BE3D /* Frameworks */,
				B943508F27E5E6700079BE3D /* Resources */,
				D7762FFF00029C28DBFBA81D /* [CP] Embed Pods Frameworks */,
			);
			buildRules = (
			);
			dependencies = (
				B943509327E5E6700079BE3D /* PBXTargetDependency */,
			);
			name = RisingTestUITests;
			productName = RisingTestUITests;
			productReference = B943509127E5E6700079BE3D /* RisingTestUITests.xctest */;
			productType = "com.apple.product-type.bundle.ui-testing";
		};
/* End PBXNativeTarget section */

/* Begin PBXProject section */
		B943506927E5E66F0079BE3D /* Project object */ = {
			isa = PBXProject;
			attributes = {
				BuildIndependentTargetsInParallel = 1;
				LastSwiftUpdateCheck = 1320;
				LastUpgradeCheck = 1320;
				TargetAttributes = {
					B943507027E5E66F0079BE3D = {
						CreatedOnToolsVersion = 13.2.1;
					};
					B943508627E5E6700079BE3D = {
						CreatedOnToolsVersion = 13.2.1;
						TestTargetID = B943507027E5E66F0079BE3D;
					};
					B943509027E5E6700079BE3D = {
						CreatedOnToolsVersion = 13.2.1;
						TestTargetID = B943507027E5E66F0079BE3D;
					};
				};
			};
			buildConfigurationList = B943506C27E5E66F0079BE3D /* Build configuration list for PBXProject "RisingTest" */;
			compatibilityVersion = "Xcode 13.0";
			developmentRegion = en;
			hasScannedForEncodings = 0;
			knownRegions = (
				en,
				Base,
			);
			mainGroup = B943506827E5E66F0079BE3D;
			packageReferences = (
				B99F815527EDA3B1002EC5E5 /* XCRemoteSwiftPackageReference "Alamofire" */,
			);
			productRefGroup = B943507227E5E66F0079BE3D /* Products */;
			projectDirPath = "";
			projectRoot = "";
			targets = (
				B943507027E5E66F0079BE3D /* RisingTest */,
				B943508627E5E6700079BE3D /* RisingTestTests */,
				B943509027E5E6700079BE3D /* RisingTestUITests */,
			);
		};
/* End PBXProject section */

/* Begin PBXResourcesBuildPhase section */
		B943506F27E5E66F0079BE3D /* Resources */ = {
			isa = PBXResourcesBuildPhase;
			buildActionMask = 2147483647;
			files = (
				B943508127E5E6700079BE3D /* LaunchScreen.storyboard in Resources */,
				B943507E27E5E6700079BE3D /* Assets.xcassets in Resources */,
				B94350A727E5F1FF0079BE3D /* MenuCell.xib in Resources */,
				B94350A927E5F3590079BE3D /* FocusView.xib in Resources */,
				B943507C27E5E66F0079BE3D /* Main.storyboard in Resources */,
			);
			runOnlyForDeploymentPostprocessing = 0;
		};
		B943508527E5E6700079BE3D /* Resources */ = {
			isa = PBXResourcesBuildPhase;
			buildActionMask = 2147483647;
			files = (
			);
			runOnlyForDeploymentPostprocessing = 0;
		};
		B943508F27E5E6700079BE3D /* Resources */ = {
			isa = PBXResourcesBuildPhase;
			buildActionMask = 2147483647;
			files = (
			);
			runOnlyForDeploymentPostprocessing = 0;
		};
/* End PBXResourcesBuildPhase section */

/* Begin PBXShellScriptBuildPhase section */
		98BDE00EEA52587A4D3CC2C9 /* [CP] Embed Pods Frameworks */ = {
			isa = PBXShellScriptBuildPhase;
			buildActionMask = 2147483647;
			files = (
			);
			inputFileListPaths = (
				"${PODS_ROOT}/Target Support Files/Pods-RisingTest/Pods-RisingTest-frameworks-${CONFIGURATION}-input-files.xcfilelist",
			);
			name = "[CP] Embed Pods Frameworks";
			outputFileListPaths = (
				"${PODS_ROOT}/Target Support Files/Pods-RisingTest/Pods-RisingTest-frameworks-${CONFIGURATION}-output-files.xcfilelist",
			);
			runOnlyForDeploymentPostprocessing = 0;
			shellPath = /bin/sh;
			shellScript = "\"${PODS_ROOT}/Target Support Files/Pods-RisingTest/Pods-RisingTest-frameworks.sh\"\n";
			showEnvVarsInLog = 0;
		};
		ACBA2BD30B64DFCEF1C32727 /* [CP] Check Pods Manifest.lock */ = {
			isa = PBXShellScriptBuildPhase;
			buildActionMask = 2147483647;
			files = (
			);
			inputFileListPaths = (
			);
			inputPaths = (
				"${PODS_PODFILE_DIR_PATH}/Podfile.lock",
				"${PODS_ROOT}/Manifest.lock",
			);
			name = "[CP] Check Pods Manifest.lock";
			outputFileListPaths = (
			);
			outputPaths = (
				"$(DERIVED_FILE_DIR)/Pods-RisingTest-checkManifestLockResult.txt",
			);
			runOnlyForDeploymentPostprocessing = 0;
			shellPath = /bin/sh;
			shellScript = "diff \"${PODS_PODFILE_DIR_PATH}/Podfile.lock\" \"${PODS_ROOT}/Manifest.lock\" > /dev/null\nif [ $? != 0 ] ; then\n    # print error to STDERR\n    echo \"error: The sandbox is not in sync with the Podfile.lock. Run 'pod install' or update your CocoaPods installation.\" >&2\n    exit 1\nfi\n# This output is used by Xcode 'outputs' to avoid re-running this script phase.\necho \"SUCCESS\" > \"${SCRIPT_OUTPUT_FILE_0}\"\n";
			showEnvVarsInLog = 0;
		};
		D7762FFF00029C28DBFBA81D /* [CP] Embed Pods Frameworks */ = {
			isa = PBXShellScriptBuildPhase;
			buildActionMask = 2147483647;
			files = (
			);
			inputFileListPaths = (
				"${PODS_ROOT}/Target Support Files/Pods-RisingTest-RisingTestUITests/Pods-RisingTest-RisingTestUITests-frameworks-${CONFIGURATION}-input-files.xcfilelist",
			);
			name = "[CP] Embed Pods Frameworks";
			outputFileListPaths = (
				"${PODS_ROOT}/Target Support Files/Pods-RisingTest-RisingTestUITests/Pods-RisingTest-RisingTestUITests-frameworks-${CONFIGURATION}-output-files.xcfilelist",
			);
			runOnlyForDeploymentPostprocessing = 0;
			shellPath = /bin/sh;
			shellScript = "\"${PODS_ROOT}/Target Support Files/Pods-RisingTest-RisingTestUITests/Pods-RisingTest-RisingTestUITests-frameworks.sh\"\n";
			showEnvVarsInLog = 0;
		};
		E1E67BD09F12E1FA0FFFAD15 /* [CP] Check Pods Manifest.lock */ = {
			isa = PBXShellScriptBuildPhase;
			buildActionMask = 2147483647;
			files = (
			);
			inputFileListPaths = (
			);
			inputPaths = (
				"${PODS_PODFILE_DIR_PATH}/Podfile.lock",
				"${PODS_ROOT}/Manifest.lock",
			);
			name = "[CP] Check Pods Manifest.lock";
			outputFileListPaths = (
			);
			outputPaths = (
				"$(DERIVED_FILE_DIR)/Pods-RisingTestTests-checkManifestLockResult.txt",
			);
			runOnlyForDeploymentPostprocessing = 0;
			shellPath = /bin/sh;
			shellScript = "diff \"${PODS_PODFILE_DIR_PATH}/Podfile.lock\" \"${PODS_ROOT}/Manifest.lock\" > /dev/null\nif [ $? != 0 ] ; then\n    # print error to STDERR\n    echo \"error: The sandbox is not in sync with the Podfile.lock. Run 'pod install' or update your CocoaPods installation.\" >&2\n    exit 1\nfi\n# This output is used by Xcode 'outputs' to avoid re-running this script phase.\necho \"SUCCESS\" > \"${SCRIPT_OUTPUT_FILE_0}\"\n";
			showEnvVarsInLog = 0;
		};
		FC9517333EC1D5568222FC37 /* [CP] Check Pods Manifest.lock */ = {
			isa = PBXShellScriptBuildPhase;
			buildActionMask = 2147483647;
			files = (
			);
			inputFileListPaths = (
			);
			inputPaths = (
				"${PODS_PODFILE_DIR_PATH}/Podfile.lock",
				"${PODS_ROOT}/Manifest.lock",
			);
			name = "[CP] Check Pods Manifest.lock";
			outputFileListPaths = (
			);
			outputPaths = (
				"$(DERIVED_FILE_DIR)/Pods-RisingTest-RisingTestUITests-checkManifestLockResult.txt",
			);
			runOnlyForDeploymentPostprocessing = 0;
			shellPath = /bin/sh;
			shellScript = "diff \"${PODS_PODFILE_DIR_PATH}/Podfile.lock\" \"${PODS_ROOT}/Manifest.lock\" > /dev/null\nif [ $? != 0 ] ; then\n    # print error to STDERR\n    echo \"error: The sandbox is not in sync with the Podfile.lock. Run 'pod install' or update your CocoaPods installation.\" >&2\n    exit 1\nfi\n# This output is used by Xcode 'outputs' to avoid re-running this script phase.\necho \"SUCCESS\" > \"${SCRIPT_OUTPUT_FILE_0}\"\n";
			showEnvVarsInLog = 0;
		};
/* End PBXShellScriptBuildPhase section */

/* Begin PBXSourcesBuildPhase section */
		B943506D27E5E66F0079BE3D /* Sources */ = {
			isa = PBXSourcesBuildPhase;
			buildActionMask = 2147483647;
			files = (
				B99F814727ED93C1002EC5E5 /* LogInResponse.swift in Sources */,
				B9CE018927E88AA300D9671A /* SignUpViewController.swift in Sources */,
				B943507927E5E66F0079BE3D /* ViewController.swift in Sources */,
				B9CE018B27E88AB100D9671A /* MyPageViewController.swift in Sources */,
				B99F815227ED9EF3002EC5E5 /* UIColor.swift in Sources */,
				B943507527E5E66F0079BE3D /* AppDelegate.swift in Sources */,
				B99F814027ED7C08002EC5E5 /* SignUpResponse.swift in Sources */,
				B99F814C27ED9B1F002EC5E5 /* String.swift in Sources */,
				B99F814E27ED9B88002EC5E5 /* UIViewController.swift in Sources */,
				B99F814227ED7C17002EC5E5 /* SignUpRequest.swift in Sources */,
				B94350A527E5F1CF0079BE3D /* MenuCell.swift in Sources */,
				B99F815027ED9EB6002EC5E5 /* IndicatorView.swift in Sources */,
				B99F814527ED93B4002EC5E5 /* LogInRequest.swift in Sources */,
				B99F815427EDA2BA002EC5E5 /* SignUpDataManager.swift in Sources */,
				B9CE018727E88A9A00D9671A /* LoginViewController.swift in Sources */,
				B943507727E5E66F0079BE3D /* SceneDelegate.swift in Sources */,
			);
			runOnlyForDeploymentPostprocessing = 0;
		};
		B943508327E5E6700079BE3D /* Sources */ = {
			isa = PBXSourcesBuildPhase;
			buildActionMask = 2147483647;
			files = (
				B943508C27E5E6700079BE3D /* RisingTestTests.swift in Sources */,
			);
			runOnlyForDeploymentPostprocessing = 0;
		};
		B943508D27E5E6700079BE3D /* Sources */ = {
			isa = PBXSourcesBuildPhase;
			buildActionMask = 2147483647;
			files = (
				B943509827E5E6700079BE3D /* RisingTestUITestsLaunchTests.swift in Sources */,
				B943509627E5E6700079BE3D /* RisingTestUITests.swift in Sources */,
			);
			runOnlyForDeploymentPostprocessing = 0;
		};
/* End PBXSourcesBuildPhase section */

/* Begin PBXTargetDependency section */
		B943508927E5E6700079BE3D /* PBXTargetDependency */ = {
			isa = PBXTargetDependency;
			target = B943507027E5E66F0079BE3D /* RisingTest */;
			targetProxy = B943508827E5E6700079BE3D /* PBXContainerItemProxy */;
		};
		B943509327E5E6700079BE3D /* PBXTargetDependency */ = {
			isa = PBXTargetDependency;
			target = B943507027E5E66F0079BE3D /* RisingTest */;
			targetProxy = B943509227E5E6700079BE3D /* PBXContainerItemProxy */;
		};
/* End PBXTargetDependency section */

/* Begin PBXVariantGroup section */
		B943507A27E5E66F0079BE3D /* Main.storyboard */ = {
			isa = PBXVariantGroup;
			children = (
				B943507B27E5E66F0079BE3D /* Base */,
			);
			name = Main.storyboard;
			sourceTree = "<group>";
		};
		B943507F27E5E6700079BE3D /* LaunchScreen.storyboard */ = {
			isa = PBXVariantGroup;
			children = (
				B943508027E5E6700079BE3D /* Base */,
			);
			name = LaunchScreen.storyboard;
			sourceTree = "<group>";
		};
/* End PBXVariantGroup section */

/* Begin XCBuildConfiguration section */
		B943509927E5E6700079BE3D /* Debug */ = {
			isa = XCBuildConfiguration;
			buildSettings = {
				ALWAYS_SEARCH_USER_PATHS = NO;
				CLANG_ANALYZER_NONNULL = YES;
				CLANG_ANALYZER_NUMBER_OBJECT_CONVERSION = YES_AGGRESSIVE;
				CLANG_CXX_LANGUAGE_STANDARD = "gnu++17";
				CLANG_CXX_LIBRARY = "libc++";
				CLANG_ENABLE_MODULES = YES;
				CLANG_ENABLE_OBJC_ARC = YES;
				CLANG_ENABLE_OBJC_WEAK = YES;
				CLANG_WARN_BLOCK_CAPTURE_AUTORELEASING = YES;
				CLANG_WARN_BOOL_CONVERSION = YES;
				CLANG_WARN_COMMA = YES;
				CLANG_WARN_CONSTANT_CONVERSION = YES;
				CLANG_WARN_DEPRECATED_OBJC_IMPLEMENTATIONS = YES;
				CLANG_WARN_DIRECT_OBJC_ISA_USAGE = YES_ERROR;
				CLANG_WARN_DOCUMENTATION_COMMENTS = YES;
				CLANG_WARN_EMPTY_BODY = YES;
				CLANG_WARN_ENUM_CONVERSION = YES;
				CLANG_WARN_INFINITE_RECURSION = YES;
				CLANG_WARN_INT_CONVERSION = YES;
				CLANG_WARN_NON_LITERAL_NULL_CONVERSION = YES;
				CLANG_WARN_OBJC_IMPLICIT_RETAIN_SELF = YES;
				CLANG_WARN_OBJC_LITERAL_CONVERSION = YES;
				CLANG_WARN_OBJC_ROOT_CLASS = YES_ERROR;
				CLANG_WARN_QUOTED_INCLUDE_IN_FRAMEWORK_HEADER = YES;
				CLANG_WARN_RANGE_LOOP_ANALYSIS = YES;
				CLANG_WARN_STRICT_PROTOTYPES = YES;
				CLANG_WARN_SUSPICIOUS_MOVE = YES;
				CLANG_WARN_UNGUARDED_AVAILABILITY = YES_AGGRESSIVE;
				CLANG_WARN_UNREACHABLE_CODE = YES;
				CLANG_WARN__DUPLICATE_METHOD_MATCH = YES;
				COPY_PHASE_STRIP = NO;
				DEBUG_INFORMATION_FORMAT = dwarf;
				ENABLE_STRICT_OBJC_MSGSEND = YES;
				ENABLE_TESTABILITY = YES;
				GCC_C_LANGUAGE_STANDARD = gnu11;
				GCC_DYNAMIC_NO_PIC = NO;
				GCC_NO_COMMON_BLOCKS = YES;
				GCC_OPTIMIZATION_LEVEL = 0;
				GCC_PREPROCESSOR_DEFINITIONS = (
					"DEBUG=1",
					"$(inherited)",
				);
				GCC_WARN_64_TO_32_BIT_CONVERSION = YES;
				GCC_WARN_ABOUT_RETURN_TYPE = YES_ERROR;
				GCC_WARN_UNDECLARED_SELECTOR = YES;
				GCC_WARN_UNINITIALIZED_AUTOS = YES_AGGRESSIVE;
				GCC_WARN_UNUSED_FUNCTION = YES;
				GCC_WARN_UNUSED_VARIABLE = YES;
				IPHONEOS_DEPLOYMENT_TARGET = 15.2;
				MTL_ENABLE_DEBUG_INFO = INCLUDE_SOURCE;
				MTL_FAST_MATH = YES;
				ONLY_ACTIVE_ARCH = YES;
				SDKROOT = iphoneos;
				SWIFT_ACTIVE_COMPILATION_CONDITIONS = DEBUG;
				SWIFT_OPTIMIZATION_LEVEL = "-Onone";
			};
			name = Debug;
		};
		B943509A27E5E6700079BE3D /* Release */ = {
			isa = XCBuildConfiguration;
			buildSettings = {
				ALWAYS_SEARCH_USER_PATHS = NO;
				CLANG_ANALYZER_NONNULL = YES;
				CLANG_ANALYZER_NUMBER_OBJECT_CONVERSION = YES_AGGRESSIVE;
				CLANG_CXX_LANGUAGE_STANDARD = "gnu++17";
				CLANG_CXX_LIBRARY = "libc++";
				CLANG_ENABLE_MODULES = YES;
				CLANG_ENABLE_OBJC_ARC = YES;
				CLANG_ENABLE_OBJC_WEAK = YES;
				CLANG_WARN_BLOCK_CAPTURE_AUTORELEASING = YES;
				CLANG_WARN_BOOL_CONVERSION = YES;
				CLANG_WARN_COMMA = YES;
				CLANG_WARN_CONSTANT_CONVERSION = YES;
				CLANG_WARN_DEPRECATED_OBJC_IMPLEMENTATIONS = YES;
				CLANG_WARN_DIRECT_OBJC_ISA_USAGE = YES_ERROR;
				CLANG_WARN_DOCUMENTATION_COMMENTS = YES;
				CLANG_WARN_EMPTY_BODY = YES;
				CLANG_WARN_ENUM_CONVERSION = YES;
				CLANG_WARN_INFINITE_RECURSION = YES;
				CLANG_WARN_INT_CONVERSION = YES;
				CLANG_WARN_NON_LITERAL_NULL_CONVERSION = YES;
				CLANG_WARN_OBJC_IMPLICIT_RETAIN_SELF = YES;
				CLANG_WARN_OBJC_LITERAL_CONVERSION = YES;
				CLANG_WARN_OBJC_ROOT_CLASS = YES_ERROR;
				CLANG_WARN_QUOTED_INCLUDE_IN_FRAMEWORK_HEADER = YES;
				CLANG_WARN_RANGE_LOOP_ANALYSIS = YES;
				CLANG_WARN_STRICT_PROTOTYPES = YES;
				CLANG_WARN_SUSPICIOUS_MOVE = YES;
				CLANG_WARN_UNGUARDED_AVAILABILITY = YES_AGGRESSIVE;
				CLANG_WARN_UNREACHABLE_CODE = YES;
				CLANG_WARN__DUPLICATE_METHOD_MATCH = YES;
				COPY_PHASE_STRIP = NO;
				DEBUG_INFORMATION_FORMAT = "dwarf-with-dsym";
				ENABLE_NS_ASSERTIONS = NO;
				ENABLE_STRICT_OBJC_MSGSEND = YES;
				GCC_C_LANGUAGE_STANDARD = gnu11;
				GCC_NO_COMMON_BLOCKS = YES;
				GCC_WARN_64_TO_32_BIT_CONVERSION = YES;
				GCC_WARN_ABOUT_RETURN_TYPE = YES_ERROR;
				GCC_WARN_UNDECLARED_SELECTOR = YES;
				GCC_WARN_UNINITIALIZED_AUTOS = YES_AGGRESSIVE;
				GCC_WARN_UNUSED_FUNCTION = YES;
				GCC_WARN_UNUSED_VARIABLE = YES;
				IPHONEOS_DEPLOYMENT_TARGET = 15.2;
				MTL_ENABLE_DEBUG_INFO = NO;
				MTL_FAST_MATH = YES;
				SDKROOT = iphoneos;
				SWIFT_COMPILATION_MODE = wholemodule;
				SWIFT_OPTIMIZATION_LEVEL = "-O";
				VALIDATE_PRODUCT = YES;
			};
			name = Release;
		};
		B943509C27E5E6700079BE3D /* Debug */ = {
			isa = XCBuildConfiguration;
			baseConfigurationReference = 5B35DEE7620A0CE49A38324F /* Pods-RisingTest.debug.xcconfig */;
			buildSettings = {
				ASSETCATALOG_COMPILER_APPICON_NAME = AppIcon;
				ASSETCATALOG_COMPILER_GLOBAL_ACCENT_COLOR_NAME = AccentColor;
				CODE_SIGN_STYLE = Automatic;
				CURRENT_PROJECT_VERSION = 1;
				DEVELOPMENT_TEAM = 3DUH3GH4Z4;
				GENERATE_INFOPLIST_FILE = YES;
				INFOPLIST_FILE = RisingTest/Info.plist;
				INFOPLIST_KEY_UIApplicationSupportsIndirectInputEvents = YES;
				INFOPLIST_KEY_UILaunchStoryboardName = LaunchScreen;
				INFOPLIST_KEY_UIMainStoryboardFile = Main;
				INFOPLIST_KEY_UISupportedInterfaceOrientations_iPad = "UIInterfaceOrientationPortrait UIInterfaceOrientationPortraitUpsideDown UIInterfaceOrientationLandscapeLeft UIInterfaceOrientationLandscapeRight";
				INFOPLIST_KEY_UISupportedInterfaceOrientations_iPhone = "UIInterfaceOrientationPortrait UIInterfaceOrientationLandscapeLeft UIInterfaceOrientationLandscapeRight";
				LD_RUNPATH_SEARCH_PATHS = (
					"$(inherited)",
					"@executable_path/Frameworks",
				);
				MARKETING_VERSION = 1.0;
				PRODUCT_BUNDLE_IDENTIFIER = com.mantae.RisingTest;
				PRODUCT_NAME = "$(TARGET_NAME)";
				SWIFT_EMIT_LOC_STRINGS = YES;
				SWIFT_VERSION = 5.0;
				TARGETED_DEVICE_FAMILY = "1,2";
			};
			name = Debug;
		};
		B943509D27E5E6700079BE3D /* Release */ = {
			isa = XCBuildConfiguration;
			baseConfigurationReference = 63DD58FEA3BEE80DE6B8F282 /* Pods-RisingTest.release.xcconfig */;
			buildSettings = {
				ASSETCATALOG_COMPILER_APPICON_NAME = AppIcon;
				ASSETCATALOG_COMPILER_GLOBAL_ACCENT_COLOR_NAME = AccentColor;
				CODE_SIGN_STYLE = Automatic;
				CURRENT_PROJECT_VERSION = 1;
				DEVELOPMENT_TEAM = 3DUH3GH4Z4;
				GENERATE_INFOPLIST_FILE = YES;
				INFOPLIST_FILE = RisingTest/Info.plist;
				INFOPLIST_KEY_UIApplicationSupportsIndirectInputEvents = YES;
				INFOPLIST_KEY_UILaunchStoryboardName = LaunchScreen;
				INFOPLIST_KEY_UIMainStoryboardFile = Main;
				INFOPLIST_KEY_UISupportedInterfaceOrientations_iPad = "UIInterfaceOrientationPortrait UIInterfaceOrientationPortraitUpsideDown UIInterfaceOrientationLandscapeLeft UIInterfaceOrientationLandscapeRight";
				INFOPLIST_KEY_UISupportedInterfaceOrientations_iPhone = "UIInterfaceOrientationPortrait UIInterfaceOrientationLandscapeLeft UIInterfaceOrientationLandscapeRight";
				LD_RUNPATH_SEARCH_PATHS = (
					"$(inherited)",
					"@executable_path/Frameworks",
				);
				MARKETING_VERSION = 1.0;
				PRODUCT_BUNDLE_IDENTIFIER = com.mantae.RisingTest;
				PRODUCT_NAME = "$(TARGET_NAME)";
				SWIFT_EMIT_LOC_STRINGS = YES;
				SWIFT_VERSION = 5.0;
				TARGETED_DEVICE_FAMILY = "1,2";
			};
			name = Release;
		};
		B943509F27E5E6700079BE3D /* Debug */ = {
			isa = XCBuildConfiguration;
			baseConfigurationReference = 6BF391380A1B5CD6C5337108 /* Pods-RisingTestTests.debug.xcconfig */;
			buildSettings = {
				ALWAYS_EMBED_SWIFT_STANDARD_LIBRARIES = YES;
				BUNDLE_LOADER = "$(TEST_HOST)";
				CODE_SIGN_STYLE = Automatic;
				CURRENT_PROJECT_VERSION = 1;
				DEVELOPMENT_TEAM = 3DUH3GH4Z4;
				GENERATE_INFOPLIST_FILE = YES;
				IPHONEOS_DEPLOYMENT_TARGET = 15.2;
				MARKETING_VERSION = 1.0;
				PRODUCT_BUNDLE_IDENTIFIER = com.mantae.RisingTestTests;
				PRODUCT_NAME = "$(TARGET_NAME)";
				SWIFT_EMIT_LOC_STRINGS = NO;
				SWIFT_VERSION = 5.0;
				TARGETED_DEVICE_FAMILY = "1,2";
				TEST_HOST = "$(BUILT_PRODUCTS_DIR)/RisingTest.app/RisingTest";
			};
			name = Debug;
		};
		B94350A027E5E6700079BE3D /* Release */ = {
			isa = XCBuildConfiguration;
			baseConfigurationReference = 6D347E67BCC290F7D245CE31 /* Pods-RisingTestTests.release.xcconfig */;
			buildSettings = {
				ALWAYS_EMBED_SWIFT_STANDARD_LIBRARIES = YES;
				BUNDLE_LOADER = "$(TEST_HOST)";
				CODE_SIGN_STYLE = Automatic;
				CURRENT_PROJECT_VERSION = 1;
				DEVELOPMENT_TEAM = 3DUH3GH4Z4;
				GENERATE_INFOPLIST_FILE = YES;
				IPHONEOS_DEPLOYMENT_TARGET = 15.2;
				MARKETING_VERSION = 1.0;
				PRODUCT_BUNDLE_IDENTIFIER = com.mantae.RisingTestTests;
				PRODUCT_NAME = "$(TARGET_NAME)";
				SWIFT_EMIT_LOC_STRINGS = NO;
				SWIFT_VERSION = 5.0;
				TARGETED_DEVICE_FAMILY = "1,2";
				TEST_HOST = "$(BUILT_PRODUCTS_DIR)/RisingTest.app/RisingTest";
			};
			name = Release;
		};
		B94350A227E5E6700079BE3D /* Debug */ = {
			isa = XCBuildConfiguration;
			baseConfigurationReference = F0ABF0524A5710B3E44AD604 /* Pods-RisingTest-RisingTestUITests.debug.xcconfig */;
			buildSettings = {
				ALWAYS_EMBED_SWIFT_STANDARD_LIBRARIES = YES;
				CODE_SIGN_STYLE = Automatic;
				CURRENT_PROJECT_VERSION = 1;
				DEVELOPMENT_TEAM = 3DUH3GH4Z4;
				GENERATE_INFOPLIST_FILE = YES;
				MARKETING_VERSION = 1.0;
				PRODUCT_BUNDLE_IDENTIFIER = com.mantae.RisingTestUITests;
				PRODUCT_NAME = "$(TARGET_NAME)";
				SWIFT_EMIT_LOC_STRINGS = NO;
				SWIFT_VERSION = 5.0;
				TARGETED_DEVICE_FAMILY = "1,2";
				TEST_TARGET_NAME = RisingTest;
			};
			name = Debug;
		};
		B94350A327E5E6700079BE3D /* Release */ = {
			isa = XCBuildConfiguration;
			baseConfigurationReference = CFFDBD07CDF36946960C4888 /* Pods-RisingTest-RisingTestUITests.release.xcconfig */;
			buildSettings = {
				ALWAYS_EMBED_SWIFT_STANDARD_LIBRARIES = YES;
				CODE_SIGN_STYLE = Automatic;
				CURRENT_PROJECT_VERSION = 1;
				DEVELOPMENT_TEAM = 3DUH3GH4Z4;
				GENERATE_INFOPLIST_FILE = YES;
				MARKETING_VERSION = 1.0;
				PRODUCT_BUNDLE_IDENTIFIER = com.mantae.RisingTestUITests;
				PRODUCT_NAME = "$(TARGET_NAME)";
				SWIFT_EMIT_LOC_STRINGS = NO;
				SWIFT_VERSION = 5.0;
				TARGETED_DEVICE_FAMILY = "1,2";
				TEST_TARGET_NAME = RisingTest;
			};
			name = Release;
		};
/* End XCBuildConfiguration section */

/* Begin XCConfigurationList section */
		B943506C27E5E66F0079BE3D /* Build configuration list for PBXProject "RisingTest" */ = {
			isa = XCConfigurationList;
			buildConfigurations = (
				B943509927E5E6700079BE3D /* Debug */,
				B943509A27E5E6700079BE3D /* Release */,
			);
			defaultConfigurationIsVisible = 0;
			defaultConfigurationName = Release;
		};
		B943509B27E5E6700079BE3D /* Build configuration list for PBXNativeTarget "RisingTest" */ = {
			isa = XCConfigurationList;
			buildConfigurations = (
				B943509C27E5E6700079BE3D /* Debug */,
				B943509D27E5E6700079BE3D /* Release */,
			);
			defaultConfigurationIsVisible = 0;
			defaultConfigurationName = Release;
		};
		B943509E27E5E6700079BE3D /* Build configuration list for PBXNativeTarget "RisingTestTests" */ = {
			isa = XCConfigurationList;
			buildConfigurations = (
				B943509F27E5E6700079BE3D /* Debug */,
				B94350A027E5E6700079BE3D /* Release */,
			);
			defaultConfigurationIsVisible = 0;
			defaultConfigurationName = Release;
		};
		B94350A127E5E6700079BE3D /* Build configuration list for PBXNativeTarget "RisingTestUITests" */ = {
			isa = XCConfigurationList;
			buildConfigurations = (
				B94350A227E5E6700079BE3D /* Debug */,
				B94350A327E5E6700079BE3D /* Release */,
			);
			defaultConfigurationIsVisible = 0;
			defaultConfigurationName = Release;
		};
/* End XCConfigurationList section */

/* Begin XCRemoteSwiftPackageReference section */
		B99F815527EDA3B1002EC5E5 /* XCRemoteSwiftPackageReference "Alamofire" */ = {
			isa = XCRemoteSwiftPackageReference;
			repositoryURL = "https://github.com/Alamofire/Alamofire.git";
			requirement = {
				kind = upToNextMajorVersion;
				minimumVersion = 5.0.0;
			};
		};
/* End XCRemoteSwiftPackageReference section */

/* Begin XCSwiftPackageProductDependency section */
		B99F815627EDA3B1002EC5E5 /* Alamofire */ = {
			isa = XCSwiftPackageProductDependency;
			package = B99F815527EDA3B1002EC5E5 /* XCRemoteSwiftPackageReference "Alamofire" */;
			productName = Alamofire;
		};
/* End XCSwiftPackageProductDependency section */
	};
	rootObject = B943506927E5E66F0079BE3D /* Project object */;
}
